// !$*UTF8*$!
{
	archiveVersion = 1;
	classes = {
	};
	objectVersion = 50;
	objects = {

/* Begin PBXBuildFile section */
		3911952321D267E5005D481C /* InitialViewTests.swift in Sources */ = {isa = PBXBuildFile; fileRef = 3911952221D267E5005D481C /* InitialViewTests.swift */; };
		39282A0D21CE3D43003E3AAA /* MemberController.swift in Sources */ = {isa = PBXBuildFile; fileRef = 39282A0C21CE3D43003E3AAA /* MemberController.swift */; };
		39282A0F21CE3D4B003E3AAA /* CorporateController.swift in Sources */ = {isa = PBXBuildFile; fileRef = 39282A0E21CE3D4B003E3AAA /* CorporateController.swift */; };
		39282A1121CE4174003E3AAA /* InitialViewModel.swift in Sources */ = {isa = PBXBuildFile; fileRef = 39282A1021CE4174003E3AAA /* InitialViewModel.swift */; };
		39282A1321CE4184003E3AAA /* InitialController+Handlers.swift in Sources */ = {isa = PBXBuildFile; fileRef = 39282A1221CE4184003E3AAA /* InitialController+Handlers.swift */; };
		39282A1521CE49AD003E3AAA /* InitialView.swift in Sources */ = {isa = PBXBuildFile; fileRef = 39282A1421CE49AD003E3AAA /* InitialView.swift */; };
		393F4B7421CBCBEF009B4239 /* AppDelegate.swift in Sources */ = {isa = PBXBuildFile; fileRef = 393F4B7321CBCBEF009B4239 /* AppDelegate.swift */; };
		393F4B7621CBCBEF009B4239 /* InitialController.swift in Sources */ = {isa = PBXBuildFile; fileRef = 393F4B7521CBCBEF009B4239 /* InitialController.swift */; };
		393F4B7B21CBCBEF009B4239 /* Assets.xcassets in Resources */ = {isa = PBXBuildFile; fileRef = 393F4B7A21CBCBEF009B4239 /* Assets.xcassets */; };
		393F4B7E21CBCBEF009B4239 /* LaunchScreen.storyboard in Resources */ = {isa = PBXBuildFile; fileRef = 393F4B7C21CBCBEF009B4239 /* LaunchScreen.storyboard */; };
		393F4B8921CBCBEF009B4239 /* InitialViewModelTests.swift in Sources */ = {isa = PBXBuildFile; fileRef = 393F4B8821CBCBEF009B4239 /* InitialViewModelTests.swift */; };
		393F4B9521CBD26C009B4239 /* General.swift in Sources */ = {isa = PBXBuildFile; fileRef = 393F4B9421CBD26C009B4239 /* General.swift */; };
		394C71DA21D3786E00BF9D0D /* CorporateViewModel.swift in Sources */ = {isa = PBXBuildFile; fileRef = 394C71D921D3786E00BF9D0D /* CorporateViewModel.swift */; };
		3952259E21D0FA5600FD411C /* CorporateView.swift in Sources */ = {isa = PBXBuildFile; fileRef = 3952259D21D0FA5600FD411C /* CorporateView.swift */; };
		39DF0CFD21D51F300099D631 /* CorporateViewModelTests.swift in Sources */ = {isa = PBXBuildFile; fileRef = 39DF0CFC21D51F300099D631 /* CorporateViewModelTests.swift */; };
		39DF0CFF21D53FB80099D631 /* CorporateController+Handlers.swift in Sources */ = {isa = PBXBuildFile; fileRef = 39DF0CFE21D53FB80099D631 /* CorporateController+Handlers.swift */; };
		39DF0D0121D5405F0099D631 /* CorporateViewTests.swift in Sources */ = {isa = PBXBuildFile; fileRef = 39DF0D0021D5405F0099D631 /* CorporateViewTests.swift */; };
/* End PBXBuildFile section */

/* Begin PBXContainerItemProxy section */
		393F4B8521CBCBEF009B4239 /* PBXContainerItemProxy */ = {
			isa = PBXContainerItemProxy;
			containerPortal = 393F4B6821CBCBEF009B4239 /* Project object */;
			proxyType = 1;
			remoteGlobalIDString = 393F4B6F21CBCBEF009B4239;
			remoteInfo = SHMA;
		};
/* End PBXContainerItemProxy section */

/* Begin PBXFileReference section */
		3911952221D267E5005D481C /* InitialViewTests.swift */ = {isa = PBXFileReference; lastKnownFileType = sourcecode.swift; path = InitialViewTests.swift; sourceTree = "<group>"; };
		39282A0C21CE3D43003E3AAA /* MemberController.swift */ = {isa = PBXFileReference; lastKnownFileType = sourcecode.swift; path = MemberController.swift; sourceTree = "<group>"; };
		39282A0E21CE3D4B003E3AAA /* CorporateController.swift */ = {isa = PBXFileReference; lastKnownFileType = sourcecode.swift; path = CorporateController.swift; sourceTree = "<group>"; };
		39282A1021CE4174003E3AAA /* InitialViewModel.swift */ = {isa = PBXFileReference; lastKnownFileType = sourcecode.swift; path = InitialViewModel.swift; sourceTree = "<group>"; };
		39282A1221CE4184003E3AAA /* InitialController+Handlers.swift */ = {isa = PBXFileReference; lastKnownFileType = sourcecode.swift; path = "InitialController+Handlers.swift"; sourceTree = "<group>"; };
		39282A1421CE49AD003E3AAA /* InitialView.swift */ = {isa = PBXFileReference; lastKnownFileType = sourcecode.swift; path = InitialView.swift; sourceTree = "<group>"; };
		393F4B7021CBCBEF009B4239 /* SHMA.app */ = {isa = PBXFileReference; explicitFileType = wrapper.application; includeInIndex = 0; path = SHMA.app; sourceTree = BUILT_PRODUCTS_DIR; };
		393F4B7321CBCBEF009B4239 /* AppDelegate.swift */ = {isa = PBXFileReference; lastKnownFileType = sourcecode.swift; path = AppDelegate.swift; sourceTree = "<group>"; };
		393F4B7521CBCBEF009B4239 /* InitialController.swift */ = {isa = PBXFileReference; lastKnownFileType = sourcecode.swift; path = InitialController.swift; sourceTree = "<group>"; };
		393F4B7A21CBCBEF009B4239 /* Assets.xcassets */ = {isa = PBXFileReference; lastKnownFileType = folder.assetcatalog; path = Assets.xcassets; sourceTree = "<group>"; };
		393F4B7D21CBCBEF009B4239 /* Base */ = {isa = PBXFileReference; lastKnownFileType = file.storyboard; name = Base; path = Base.lproj/LaunchScreen.storyboard; sourceTree = "<group>"; };
		393F4B7F21CBCBEF009B4239 /* Info.plist */ = {isa = PBXFileReference; lastKnownFileType = text.plist.xml; path = Info.plist; sourceTree = "<group>"; };
		393F4B8421CBCBEF009B4239 /* SHMATests.xctest */ = {isa = PBXFileReference; explicitFileType = wrapper.cfbundle; includeInIndex = 0; path = SHMATests.xctest; sourceTree = BUILT_PRODUCTS_DIR; };
		393F4B8821CBCBEF009B4239 /* InitialViewModelTests.swift */ = {isa = PBXFileReference; lastKnownFileType = sourcecode.swift; path = InitialViewModelTests.swift; sourceTree = "<group>"; };
		393F4B8A21CBCBEF009B4239 /* Info.plist */ = {isa = PBXFileReference; lastKnownFileType = text.plist.xml; path = Info.plist; sourceTree = "<group>"; };
		393F4B9421CBD26C009B4239 /* General.swift */ = {isa = PBXFileReference; lastKnownFileType = sourcecode.swift; path = General.swift; sourceTree = "<group>"; };
		394C71D921D3786E00BF9D0D /* CorporateViewModel.swift */ = {isa = PBXFileReference; lastKnownFileType = sourcecode.swift; path = CorporateViewModel.swift; sourceTree = "<group>"; };
		3952259D21D0FA5600FD411C /* CorporateView.swift */ = {isa = PBXFileReference; lastKnownFileType = sourcecode.swift; path = CorporateView.swift; sourceTree = "<group>"; };
		39DF0CFC21D51F300099D631 /* CorporateViewModelTests.swift */ = {isa = PBXFileReference; lastKnownFileType = sourcecode.swift; path = CorporateViewModelTests.swift; sourceTree = "<group>"; };
		39DF0CFE21D53FB80099D631 /* CorporateController+Handlers.swift */ = {isa = PBXFileReference; lastKnownFileType = sourcecode.swift; path = "CorporateController+Handlers.swift"; sourceTree = "<group>"; };
		39DF0D0021D5405F0099D631 /* CorporateViewTests.swift */ = {isa = PBXFileReference; lastKnownFileType = sourcecode.swift; path = CorporateViewTests.swift; sourceTree = "<group>"; };
/* End PBXFileReference section */

/* Begin PBXFrameworksBuildPhase section */
		393F4B6D21CBCBEF009B4239 /* Frameworks */ = {
			isa = PBXFrameworksBuildPhase;
			buildActionMask = 2147483647;
			files = (
			);
			runOnlyForDeploymentPostprocessing = 0;
		};
		393F4B8121CBCBEF009B4239 /* Frameworks */ = {
			isa = PBXFrameworksBuildPhase;
			buildActionMask = 2147483647;
			files = (
			);
			runOnlyForDeploymentPostprocessing = 0;
		};
/* End PBXFrameworksBuildPhase section */

/* Begin PBXGroup section */
		393F4B6721CBCBEF009B4239 = {
			isa = PBXGroup;
			children = (
				393F4B7221CBCBEF009B4239 /* SHMA */,
				393F4B8721CBCBEF009B4239 /* SHMATests */,
				393F4B7121CBCBEF009B4239 /* Products */,
			);
			sourceTree = "<group>";
		};
		393F4B7121CBCBEF009B4239 /* Products */ = {
			isa = PBXGroup;
			children = (
				393F4B7021CBCBEF009B4239 /* SHMA.app */,
				393F4B8421CBCBEF009B4239 /* SHMATests.xctest */,
			);
			name = Products;
			sourceTree = "<group>";
		};
		393F4B7221CBCBEF009B4239 /* SHMA */ = {
			isa = PBXGroup;
			children = (
				393F4B7321CBCBEF009B4239 /* AppDelegate.swift */,
				393F4B9421CBD26C009B4239 /* General.swift */,
				3952259921D0F0BB00FD411C /* Model */,
				3952259A21D0F0CC00FD411C /* View */,
				3952259B21D0F0D200FD411C /* ViewModel */,
				3952259C21D0F10600FD411C /* Controller */,
				393F4B7A21CBCBEF009B4239 /* Assets.xcassets */,
				393F4B7C21CBCBEF009B4239 /* LaunchScreen.storyboard */,
				393F4B7F21CBCBEF009B4239 /* Info.plist */,
			);
			path = SHMA;
			sourceTree = "<group>";
		};
		393F4B8721CBCBEF009B4239 /* SHMATests */ = {
			isa = PBXGroup;
			children = (
				39DF0CFA21D51EEE0099D631 /* Initial */,
				39DF0CFB21D51F0A0099D631 /* Corporate */,
				393F4B8A21CBCBEF009B4239 /* Info.plist */,
			);
			path = SHMATests;
			sourceTree = "<group>";
		};
		3952259921D0F0BB00FD411C /* Model */ = {
			isa = PBXGroup;
			children = (
			);
			path = Model;
			sourceTree = "<group>";
		};
		3952259A21D0F0CC00FD411C /* View */ = {
			isa = PBXGroup;
			children = (
				39282A1421CE49AD003E3AAA /* InitialView.swift */,
				3952259D21D0FA5600FD411C /* CorporateView.swift */,
			);
			path = View;
			sourceTree = "<group>";
		};
		3952259B21D0F0D200FD411C /* ViewModel */ = {
			isa = PBXGroup;
			children = (
				39282A1021CE4174003E3AAA /* InitialViewModel.swift */,
				394C71D921D3786E00BF9D0D /* CorporateViewModel.swift */,
			);
			path = ViewModel;
			sourceTree = "<group>";
		};
		3952259C21D0F10600FD411C /* Controller */ = {
			isa = PBXGroup;
			children = (
				393F4B7521CBCBEF009B4239 /* InitialController.swift */,
				39282A1221CE4184003E3AAA /* InitialController+Handlers.swift */,
				39282A0C21CE3D43003E3AAA /* MemberController.swift */,
				39282A0E21CE3D4B003E3AAA /* CorporateController.swift */,
				39DF0CFE21D53FB80099D631 /* CorporateController+Handlers.swift */,
			);
			path = Controller;
			sourceTree = "<group>";
		};
		39DF0CFA21D51EEE0099D631 /* Initial */ = {
			isa = PBXGroup;
			children = (
				393F4B8821CBCBEF009B4239 /* InitialViewModelTests.swift */,
				3911952221D267E5005D481C /* InitialViewTests.swift */,
			);
			path = Initial;
			sourceTree = "<group>";
		};
		39DF0CFB21D51F0A0099D631 /* Corporate */ = {
			isa = PBXGroup;
			children = (
				39DF0CFC21D51F300099D631 /* CorporateViewModelTests.swift */,
				39DF0D0021D5405F0099D631 /* CorporateViewTests.swift */,
			);
			path = Corporate;
			sourceTree = "<group>";
		};
/* End PBXGroup section */

/* Begin PBXNativeTarget section */
		393F4B6F21CBCBEF009B4239 /* SHMA */ = {
			isa = PBXNativeTarget;
			buildConfigurationList = 393F4B8D21CBCBEF009B4239 /* Build configuration list for PBXNativeTarget "SHMA" */;
			buildPhases = (
				393F4B6C21CBCBEF009B4239 /* Sources */,
				393F4B6D21CBCBEF009B4239 /* Frameworks */,
				393F4B6E21CBCBEF009B4239 /* Resources */,
			);
			buildRules = (
			);
			dependencies = (
			);
			name = SHMA;
			productName = SHMA;
			productReference = 393F4B7021CBCBEF009B4239 /* SHMA.app */;
			productType = "com.apple.product-type.application";
		};
		393F4B8321CBCBEF009B4239 /* SHMATests */ = {
			isa = PBXNativeTarget;
			buildConfigurationList = 393F4B9021CBCBEF009B4239 /* Build configuration list for PBXNativeTarget "SHMATests" */;
			buildPhases = (
				393F4B8021CBCBEF009B4239 /* Sources */,
				393F4B8121CBCBEF009B4239 /* Frameworks */,
				393F4B8221CBCBEF009B4239 /* Resources */,
			);
			buildRules = (
			);
			dependencies = (
				393F4B8621CBCBEF009B4239 /* PBXTargetDependency */,
			);
			name = SHMATests;
			productName = SHMATests;
			productReference = 393F4B8421CBCBEF009B4239 /* SHMATests.xctest */;
			productType = "com.apple.product-type.bundle.unit-test";
		};
/* End PBXNativeTarget section */

/* Begin PBXProject section */
		393F4B6821CBCBEF009B4239 /* Project object */ = {
			isa = PBXProject;
			attributes = {
				LastSwiftUpdateCheck = 1010;
				LastUpgradeCheck = 1010;
				ORGANIZATIONNAME = SurreyHeathMuslimAssociation;
				TargetAttributes = {
					393F4B6F21CBCBEF009B4239 = {
						CreatedOnToolsVersion = 10.1;
					};
					393F4B8321CBCBEF009B4239 = {
						CreatedOnToolsVersion = 10.1;
						TestTargetID = 393F4B6F21CBCBEF009B4239;
					};
				};
			};
			buildConfigurationList = 393F4B6B21CBCBEF009B4239 /* Build configuration list for PBXProject "SHMA" */;
			compatibilityVersion = "Xcode 9.3";
			developmentRegion = en;
			hasScannedForEncodings = 0;
			knownRegions = (
				en,
				Base,
			);
			mainGroup = 393F4B6721CBCBEF009B4239;
			productRefGroup = 393F4B7121CBCBEF009B4239 /* Products */;
			projectDirPath = "";
			projectRoot = "";
			targets = (
				393F4B6F21CBCBEF009B4239 /* SHMA */,
				393F4B8321CBCBEF009B4239 /* SHMATests */,
			);
		};
/* End PBXProject section */

/* Begin PBXResourcesBuildPhase section */
		393F4B6E21CBCBEF009B4239 /* Resources */ = {
			isa = PBXResourcesBuildPhase;
			buildActionMask = 2147483647;
			files = (
				393F4B7E21CBCBEF009B4239 /* LaunchScreen.storyboard in Resources */,
				393F4B7B21CBCBEF009B4239 /* Assets.xcassets in Resources */,
			);
			runOnlyForDeploymentPostprocessing = 0;
		};
		393F4B8221CBCBEF009B4239 /* Resources */ = {
			isa = PBXResourcesBuildPhase;
			buildActionMask = 2147483647;
			files = (
			);
			runOnlyForDeploymentPostprocessing = 0;
		};
/* End PBXResourcesBuildPhase section */

/* Begin PBXSourcesBuildPhase section */
		393F4B6C21CBCBEF009B4239 /* Sources */ = {
			isa = PBXSourcesBuildPhase;
			buildActionMask = 2147483647;
			files = (
				393F4B7621CBCBEF009B4239 /* InitialController.swift in Sources */,
				39282A1521CE49AD003E3AAA /* InitialView.swift in Sources */,
				39282A0D21CE3D43003E3AAA /* MemberController.swift in Sources */,
				39282A0F21CE3D4B003E3AAA /* CorporateController.swift in Sources */,
				393F4B7421CBCBEF009B4239 /* AppDelegate.swift in Sources */,
				3952259E21D0FA5600FD411C /* CorporateView.swift in Sources */,
				39282A1321CE4184003E3AAA /* InitialController+Handlers.swift in Sources */,
				393F4B9521CBD26C009B4239 /* General.swift in Sources */,
				394C71DA21D3786E00BF9D0D /* CorporateViewModel.swift in Sources */,
				39282A1121CE4174003E3AAA /* InitialViewModel.swift in Sources */,
				39DF0CFF21D53FB80099D631 /* CorporateController+Handlers.swift in Sources */,
			);
			runOnlyForDeploymentPostprocessing = 0;
		};
		393F4B8021CBCBEF009B4239 /* Sources */ = {
			isa = PBXSourcesBuildPhase;
			buildActionMask = 2147483647;
			files = (
				39DF0D0121D5405F0099D631 /* CorporateViewTests.swift in Sources */,
				393F4B8921CBCBEF009B4239 /* InitialViewModelTests.swift in Sources */,
				39DF0CFD21D51F300099D631 /* CorporateViewModelTests.swift in Sources */,
				3911952321D267E5005D481C /* InitialViewTests.swift in Sources */,
			);
			runOnlyForDeploymentPostprocessing = 0;
		};
/* End PBXSourcesBuildPhase section */

/* Begin PBXTargetDependency section */
		393F4B8621CBCBEF009B4239 /* PBXTargetDependency */ = {
			isa = PBXTargetDependency;
			target = 393F4B6F21CBCBEF009B4239 /* SHMA */;
			targetProxy = 393F4B8521CBCBEF009B4239 /* PBXContainerItemProxy */;
		};
/* End PBXTargetDependency section */

/* Begin PBXVariantGroup section */
		393F4B7C21CBCBEF009B4239 /* LaunchScreen.storyboard */ = {
			isa = PBXVariantGroup;
			children = (
				393F4B7D21CBCBEF009B4239 /* Base */,
			);
			name = LaunchScreen.storyboard;
			sourceTree = "<group>";
		};
/* End PBXVariantGroup section */

/* Begin XCBuildConfiguration section */
		393F4B8B21CBCBEF009B4239 /* Debug */ = {
			isa = XCBuildConfiguration;
			buildSettings = {
				ALWAYS_SEARCH_USER_PATHS = NO;
				CLANG_ANALYZER_NONNULL = YES;
				CLANG_ANALYZER_NUMBER_OBJECT_CONVERSION = YES_AGGRESSIVE;
				CLANG_CXX_LANGUAGE_STANDARD = "gnu++14";
				CLANG_CXX_LIBRARY = "libc++";
				CLANG_ENABLE_MODULES = YES;
				CLANG_ENABLE_OBJC_ARC = YES;
				CLANG_ENABLE_OBJC_WEAK = YES;
				CLANG_WARN_BLOCK_CAPTURE_AUTORELEASING = YES;
				CLANG_WARN_BOOL_CONVERSION = YES;
				CLANG_WARN_COMMA = YES;
				CLANG_WARN_CONSTANT_CONVERSION = YES;
				CLANG_WARN_DEPRECATED_OBJC_IMPLEMENTATIONS = YES;
				CLANG_WARN_DIRECT_OBJC_ISA_USAGE = YES_ERROR;
				CLANG_WARN_DOCUMENTATION_COMMENTS = YES;
				CLANG_WARN_EMPTY_BODY = YES;
				CLANG_WARN_ENUM_CONVERSION = YES;
				CLANG_WARN_INFINITE_RECURSION = YES;
				CLANG_WARN_INT_CONVERSION = YES;
				CLANG_WARN_NON_LITERAL_NULL_CONVERSION = YES;
				CLANG_WARN_OBJC_IMPLICIT_RETAIN_SELF = YES;
				CLANG_WARN_OBJC_LITERAL_CONVERSION = YES;
				CLANG_WARN_OBJC_ROOT_CLASS = YES_ERROR;
				CLANG_WARN_RANGE_LOOP_ANALYSIS = YES;
				CLANG_WARN_STRICT_PROTOTYPES = YES;
				CLANG_WARN_SUSPICIOUS_MOVE = YES;
				CLANG_WARN_UNGUARDED_AVAILABILITY = YES_AGGRESSIVE;
				CLANG_WARN_UNREACHABLE_CODE = YES;
				CLANG_WARN__DUPLICATE_METHOD_MATCH = YES;
				CODE_SIGN_IDENTITY = "iPhone Developer";
				COPY_PHASE_STRIP = NO;
				DEBUG_INFORMATION_FORMAT = dwarf;
				ENABLE_STRICT_OBJC_MSGSEND = YES;
				ENABLE_TESTABILITY = YES;
				GCC_C_LANGUAGE_STANDARD = gnu11;
				GCC_DYNAMIC_NO_PIC = NO;
				GCC_NO_COMMON_BLOCKS = YES;
				GCC_OPTIMIZATION_LEVEL = 0;
				GCC_PREPROCESSOR_DEFINITIONS = (
					"DEBUG=1",
					"$(inherited)",
				);
				GCC_WARN_64_TO_32_BIT_CONVERSION = YES;
				GCC_WARN_ABOUT_RETURN_TYPE = YES_ERROR;
				GCC_WARN_UNDECLARED_SELECTOR = YES;
				GCC_WARN_UNINITIALIZED_AUTOS = YES_AGGRESSIVE;
				GCC_WARN_UNUSED_FUNCTION = YES;
				GCC_WARN_UNUSED_VARIABLE = YES;
				IPHONEOS_DEPLOYMENT_TARGET = 12.1;
				MTL_ENABLE_DEBUG_INFO = INCLUDE_SOURCE;
				MTL_FAST_MATH = YES;
				ONLY_ACTIVE_ARCH = YES;
				SDKROOT = iphoneos;
				SWIFT_ACTIVE_COMPILATION_CONDITIONS = DEBUG;
				SWIFT_OPTIMIZATION_LEVEL = "-Onone";
			};
			name = Debug;
		};
		393F4B8C21CBCBEF009B4239 /* Release */ = {
			isa = XCBuildConfiguration;
			buildSettings = {
				ALWAYS_SEARCH_USER_PATHS = NO;
				CLANG_ANALYZER_NONNULL = YES;
				CLANG_ANALYZER_NUMBER_OBJECT_CONVERSION = YES_AGGRESSIVE;
				CLANG_CXX_LANGUAGE_STANDARD = "gnu++14";
				CLANG_CXX_LIBRARY = "libc++";
				CLANG_ENABLE_MODULES = YES;
				CLANG_ENABLE_OBJC_ARC = YES;
				CLANG_ENABLE_OBJC_WEAK = YES;
				CLANG_WARN_BLOCK_CAPTURE_AUTORELEASING = YES;
				CLANG_WARN_BOOL_CONVERSION = YES;
				CLANG_WARN_COMMA = YES;
				CLANG_WARN_CONSTANT_CONVERSION = YES;
				CLANG_WARN_DEPRECATED_OBJC_IMPLEMENTATIONS = YES;
				CLANG_WARN_DIRECT_OBJC_ISA_USAGE = YES_ERROR;
				CLANG_WARN_DOCUMENTATION_COMMENTS = YES;
				CLANG_WARN_EMPTY_BODY = YES;
				CLANG_WARN_ENUM_CONVERSION = YES;
				CLANG_WARN_INFINITE_RECURSION = YES;
				CLANG_WARN_INT_CONVERSION = YES;
				CLANG_WARN_NON_LITERAL_NULL_CONVERSION = YES;
				CLANG_WARN_OBJC_IMPLICIT_RETAIN_SELF = YES;
				CLANG_WARN_OBJC_LITERAL_CONVERSION = YES;
				CLANG_WARN_OBJC_ROOT_CLASS = YES_ERROR;
				CLANG_WARN_RANGE_LOOP_ANALYSIS = YES;
				CLANG_WARN_STRICT_PROTOTYPES = YES;
				CLANG_WARN_SUSPICIOUS_MOVE = YES;
				CLANG_WARN_UNGUARDED_AVAILABILITY = YES_AGGRESSIVE;
				CLANG_WARN_UNREACHABLE_CODE = YES;
				CLANG_WARN__DUPLICATE_METHOD_MATCH = YES;
				CODE_SIGN_IDENTITY = "iPhone Developer";
				COPY_PHASE_STRIP = NO;
				DEBUG_INFORMATION_FORMAT = "dwarf-with-dsym";
				ENABLE_NS_ASSERTIONS = NO;
				ENABLE_STRICT_OBJC_MSGSEND = YES;
				GCC_C_LANGUAGE_STANDARD = gnu11;
				GCC_NO_COMMON_BLOCKS = YES;
				GCC_WARN_64_TO_32_BIT_CONVERSION = YES;
				GCC_WARN_ABOUT_RETURN_TYPE = YES_ERROR;
				GCC_WARN_UNDECLARED_SELECTOR = YES;
				GCC_WARN_UNINITIALIZED_AUTOS = YES_AGGRESSIVE;
				GCC_WARN_UNUSED_FUNCTION = YES;
				GCC_WARN_UNUSED_VARIABLE = YES;
				IPHONEOS_DEPLOYMENT_TARGET = 12.1;
				MTL_ENABLE_DEBUG_INFO = NO;
				MTL_FAST_MATH = YES;
				SDKROOT = iphoneos;
				SWIFT_COMPILATION_MODE = wholemodule;
				SWIFT_OPTIMIZATION_LEVEL = "-O";
				VALIDATE_PRODUCT = YES;
			};
			name = Release;
		};
		393F4B8E21CBCBEF009B4239 /* Debug */ = {
			isa = XCBuildConfiguration;
			buildSettings = {
				ASSETCATALOG_COMPILER_APPICON_NAME = AppIcon;
				ASSETCATALOG_COMPILER_LAUNCHIMAGE_NAME = LaunchImage;
				CODE_SIGN_STYLE = Automatic;
				DEVELOPMENT_TEAM = 28EMJAMXZN;
				INFOPLIST_FILE = SHMA/Info.plist;
				LD_RUNPATH_SEARCH_PATHS = (
					"$(inherited)",
					"@executable_path/Frameworks",
				);
				PRODUCT_BUNDLE_IDENTIFIER = SHMA.SHMA;
				PRODUCT_NAME = "$(TARGET_NAME)";
				SWIFT_VERSION = 4.2;
				TARGETED_DEVICE_FAMILY = "1,2";
			};
			name = Debug;
		};
		393F4B8F21CBCBEF009B4239 /* Release */ = {
			isa = XCBuildConfiguration;
			buildSettings = {
				ASSETCATALOG_COMPILER_APPICON_NAME = AppIcon;
				ASSETCATALOG_COMPILER_LAUNCHIMAGE_NAME = LaunchImage;
				CODE_SIGN_STYLE = Automatic;
				DEVELOPMENT_TEAM = 28EMJAMXZN;
				INFOPLIST_FILE = SHMA/Info.plist;
				LD_RUNPATH_SEARCH_PATHS = (
					"$(inherited)",
					"@executable_path/Frameworks",
				);
				PRODUCT_BUNDLE_IDENTIFIER = SHMA.SHMA;
				PRODUCT_NAME = "$(TARGET_NAME)";
				SWIFT_VERSION = 4.2;
				TARGETED_DEVICE_FAMILY = "1,2";
			};
			name = Release;
		};
		393F4B9121CBCBEF009B4239 /* Debug */ = {
			isa = XCBuildConfiguration;
			buildSettings = {
				ALWAYS_EMBED_SWIFT_STANDARD_LIBRARIES = YES;
				BUNDLE_LOADER = "$(TEST_HOST)";
				CODE_SIGN_STYLE = Automatic;
				DEVELOPMENT_TEAM = 28EMJAMXZN;
				INFOPLIST_FILE = SHMATests/Info.plist;
				LD_RUNPATH_SEARCH_PATHS = (
					"$(inherited)",
					"@executable_path/Frameworks",
					"@loader_path/Frameworks",
				);
				PRODUCT_BUNDLE_IDENTIFIER = SHMA.SHMATests;
				PRODUCT_NAME = "$(TARGET_NAME)";
				SWIFT_VERSION = 4.2;
				TARGETED_DEVICE_FAMILY = "1,2";
				TEST_HOST = "$(BUILT_PRODUCTS_DIR)/SHMA.app/SHMA";
			};
			name = Debug;
		};
		393F4B9221CBCBEF009B4239 /* Release */ = {
			isa = XCBuildConfiguration;
			buildSettings = {
				ALWAYS_EMBED_SWIFT_STANDARD_LIBRARIES = YES;
				BUNDLE_LOADER = "$(TEST_HOST)";
				CODE_SIGN_STYLE = Automatic;
				DEVELOPMENT_TEAM = 28EMJAMXZN;
				INFOPLIST_FILE = SHMATests/Info.plist;
				LD_RUNPATH_SEARCH_PATHS = (
					"$(inherited)",
					"@executable_path/Frameworks",
					"@loader_path/Frameworks",
				);
				PRODUCT_BUNDLE_IDENTIFIER = SHMA.SHMATests;
				PRODUCT_NAME = "$(TARGET_NAME)";
				SWIFT_VERSION = 4.2;
				TARGETED_DEVICE_FAMILY = "1,2";
				TEST_HOST = "$(BUILT_PRODUCTS_DIR)/SHMA.app/SHMA";
			};
			name = Release;
		};
/* End XCBuildConfiguration section */

/* Begin XCConfigurationList section */
		393F4B6B21CBCBEF009B4239 /* Build configuration list for PBXProject "SHMA" */ = {
			isa = XCConfigurationList;
			buildConfigurations = (
				393F4B8B21CBCBEF009B4239 /* Debug */,
				393F4B8C21CBCBEF009B4239 /* Release */,
			);
			defaultConfigurationIsVisible = 0;
			defaultConfigurationName = Release;
		};
		393F4B8D21CBCBEF009B4239 /* Build configuration list for PBXNativeTarget "SHMA" */ = {
			isa = XCConfigurationList;
			buildConfigurations = (
				393F4B8E21CBCBEF009B4239 /* Debug */,
				393F4B8F21CBCBEF009B4239 /* Release */,
			);
			defaultConfigurationIsVisible = 0;
			defaultConfigurationName = Release;
		};
		393F4B9021CBCBEF009B4239 /* Build configuration list for PBXNativeTarget "SHMATests" */ = {
			isa = XCConfigurationList;
			buildConfigurations = (
				393F4B9121CBCBEF009B4239 /* Debug */,
				393F4B9221CBCBEF009B4239 /* Release */,
			);
			defaultConfigurationIsVisible = 0;
			defaultConfigurationName = Release;
		};
/* End XCConfigurationList section */
	};
	rootObject = 393F4B6821CBCBEF009B4239 /* Project object */;
}
