// !$*UTF8*$!
{
	archiveVersion = 1;
	classes = {
	};
	objectVersion = 50;
	objects = {

/* Begin PBXBuildFile section */
		390232822210211600E205B8 /* BusinessView+Delegate.swift in Sources */ = {isa = PBXBuildFile; fileRef = 390232812210211600E205B8 /* BusinessView+Delegate.swift */; };
		390232842210212100E205B8 /* BusinessView+Datasource.swift in Sources */ = {isa = PBXBuildFile; fileRef = 390232832210212100E205B8 /* BusinessView+Datasource.swift */; };
		390232862210219B00E205B8 /* BusinessCell.swift in Sources */ = {isa = PBXBuildFile; fileRef = 390232852210219B00E205B8 /* BusinessCell.swift */; };
		390232882210224200E205B8 /* Business.swift in Sources */ = {isa = PBXBuildFile; fileRef = 390232872210224200E205B8 /* Business.swift */; };
		3904DF2B221097850096BBFD /* GooglePlacesResponse.swift in Sources */ = {isa = PBXBuildFile; fileRef = 3904DF2A221097850096BBFD /* GooglePlacesResponse.swift */; };
		3904DF2D2210985A0096BBFD /* Place.swift in Sources */ = {isa = PBXBuildFile; fileRef = 3904DF2C2210985A0096BBFD /* Place.swift */; };
		3904DF2F221099BE0096BBFD /* Location.swift in Sources */ = {isa = PBXBuildFile; fileRef = 3904DF2E221099BE0096BBFD /* Location.swift */; };
		3904DF3122109A5C0096BBFD /* OpeningHours.swift in Sources */ = {isa = PBXBuildFile; fileRef = 3904DF3022109A5C0096BBFD /* OpeningHours.swift */; };
		3904DF3322109D620096BBFD /* NetworkSession.swift in Sources */ = {isa = PBXBuildFile; fileRef = 3904DF3222109D620096BBFD /* NetworkSession.swift */; };
		3904DF3522109E100096BBFD /* NetworkManager.swift in Sources */ = {isa = PBXBuildFile; fileRef = 3904DF3422109E100096BBFD /* NetworkManager.swift */; };
		3904DF3722109E840096BBFD /* URLSession+Util.swift in Sources */ = {isa = PBXBuildFile; fileRef = 3904DF3622109E840096BBFD /* URLSession+Util.swift */; };
		3905913B21E766BE00F297AC /* LoginRegistrationView+Handlers.swift in Sources */ = {isa = PBXBuildFile; fileRef = 3905913A21E766BE00F297AC /* LoginRegistrationView+Handlers.swift */; };
		3905913D21E780CB00F297AC /* LoginRegistrationController+Handlers.swift in Sources */ = {isa = PBXBuildFile; fileRef = 3905913C21E780CB00F297AC /* LoginRegistrationController+Handlers.swift */; };
		3905913F21E78D8E00F297AC /* TermsAndConditionsView.swift in Sources */ = {isa = PBXBuildFile; fileRef = 3905913E21E78D8E00F297AC /* TermsAndConditionsView.swift */; };
		3905914121E7920D00F297AC /* TermsAndConditionsController.swift in Sources */ = {isa = PBXBuildFile; fileRef = 3905914021E7920D00F297AC /* TermsAndConditionsController.swift */; };
		3905914321E793C500F297AC /* TermsAndConditionsView+Handlers.swift in Sources */ = {isa = PBXBuildFile; fileRef = 3905914221E793C500F297AC /* TermsAndConditionsView+Handlers.swift */; };
		3905914921E798C800F297AC /* TermsAndConditionsController+Handlers.swift in Sources */ = {isa = PBXBuildFile; fileRef = 3905914821E798C800F297AC /* TermsAndConditionsController+Handlers.swift */; };
		3905914B21E79C6D00F297AC /* Terms&Conditionsv8.pdf in Resources */ = {isa = PBXBuildFile; fileRef = 3905914A21E79C6D00F297AC /* Terms&Conditionsv8.pdf */; };
		3905914D21E7C30000F297AC /* TermsAndConditionsViewModel.swift in Sources */ = {isa = PBXBuildFile; fileRef = 3905914C21E7C30000F297AC /* TermsAndConditionsViewModel.swift */; };
		39063E5221E62B9000A020EE /* MemberViewModelTests.swift in Sources */ = {isa = PBXBuildFile; fileRef = 39063E5121E62B9000A020EE /* MemberViewModelTests.swift */; };
		39063E5421E62B9800A020EE /* MemberViewTests.swift in Sources */ = {isa = PBXBuildFile; fileRef = 39063E5321E62B9800A020EE /* MemberViewTests.swift */; };
		39063E5621E6334B00A020EE /* MemberController+Handlers.swift in Sources */ = {isa = PBXBuildFile; fileRef = 39063E5521E6334B00A020EE /* MemberController+Handlers.swift */; };
		3907927D21EF7CE200AD4539 /* SpouseChildCell.swift in Sources */ = {isa = PBXBuildFile; fileRef = 3907927C21EF7CE200AD4539 /* SpouseChildCell.swift */; };
		3907927F21EF7DFC00AD4539 /* LoginRegistrationView+Delegate.swift in Sources */ = {isa = PBXBuildFile; fileRef = 3907927E21EF7DFC00AD4539 /* LoginRegistrationView+Delegate.swift */; };
		3907928121EF7E0600AD4539 /* LoginRegistrationView+Datasource.swift in Sources */ = {isa = PBXBuildFile; fileRef = 3907928021EF7E0600AD4539 /* LoginRegistrationView+Datasource.swift */; };
		3907928321EF9D4F00AD4539 /* Family.swift in Sources */ = {isa = PBXBuildFile; fileRef = 3907928221EF9D4F00AD4539 /* Family.swift */; };
		3907928521EFC84400AD4539 /* AddSpouseChildCell.swift in Sources */ = {isa = PBXBuildFile; fileRef = 3907928421EFC84400AD4539 /* AddSpouseChildCell.swift */; };
		3908AEC42211DE1C0045E137 /* ImageClient.swift in Sources */ = {isa = PBXBuildFile; fileRef = 3908AEC32211DE1C0045E137 /* ImageClient.swift */; };
		3908AEC72211F0E80045E137 /* BusinessDetailController.swift in Sources */ = {isa = PBXBuildFile; fileRef = 3908AEC62211F0E80045E137 /* BusinessDetailController.swift */; };
		3908AEC92211F1930045E137 /* BusinessDetailView.swift in Sources */ = {isa = PBXBuildFile; fileRef = 3908AEC82211F1930045E137 /* BusinessDetailView.swift */; };
		3908AECB2211F1C90045E137 /* BusinessDetailView+Delegate.swift in Sources */ = {isa = PBXBuildFile; fileRef = 3908AECA2211F1C90045E137 /* BusinessDetailView+Delegate.swift */; };
		3908AECD2211F1D30045E137 /* BusinessDetailView+Datasource.swift in Sources */ = {isa = PBXBuildFile; fileRef = 3908AECC2211F1D30045E137 /* BusinessDetailView+Datasource.swift */; };
		3908AECF2211F3370045E137 /* BusinessController+Delegate.swift in Sources */ = {isa = PBXBuildFile; fileRef = 3908AECE2211F3370045E137 /* BusinessController+Delegate.swift */; };
		3908AED32212177B0045E137 /* BusinessDetailHeader.swift in Sources */ = {isa = PBXBuildFile; fileRef = 3908AED22212177B0045E137 /* BusinessDetailHeader.swift */; };
		3908AED522121D930045E137 /* BusinessDetailController+Delegate.swift in Sources */ = {isa = PBXBuildFile; fileRef = 3908AED422121D930045E137 /* BusinessDetailController+Delegate.swift */; };
		390CDB53220F7FDC00920041 /* BusinessViewModel.swift in Sources */ = {isa = PBXBuildFile; fileRef = 390CDB52220F7FDC00920041 /* BusinessViewModel.swift */; };
		390E4D9B21F73F97009BC363 /* AuthErrorCode+Util.swift in Sources */ = {isa = PBXBuildFile; fileRef = 390E4D9A21F73F97009BC363 /* AuthErrorCode+Util.swift */; };
		390E4D9D21F76362009BC363 /* FirebaseAuthErrorTests.swift in Sources */ = {isa = PBXBuildFile; fileRef = 390E4D9C21F76362009BC363 /* FirebaseAuthErrorTests.swift */; };
		390E4DA021F772E1009BC363 /* HomeController.swift in Sources */ = {isa = PBXBuildFile; fileRef = 390E4D9F21F772E1009BC363 /* HomeController.swift */; };
		390E4DA221F773B7009BC363 /* MemberTabBarController.swift in Sources */ = {isa = PBXBuildFile; fileRef = 390E4DA121F773B7009BC363 /* MemberTabBarController.swift */; };
		390E4DA521F77706009BC363 /* ProfileController.swift in Sources */ = {isa = PBXBuildFile; fileRef = 390E4DA421F77706009BC363 /* ProfileController.swift */; };
		390E4DA921F78B9E009BC363 /* SHMACardView.swift in Sources */ = {isa = PBXBuildFile; fileRef = 390E4DA821F78B9E009BC363 /* SHMACardView.swift */; };
		3911952321D267E5005D481C /* InitialViewTests.swift in Sources */ = {isa = PBXBuildFile; fileRef = 3911952221D267E5005D481C /* InitialViewTests.swift */; };
		3912A66521F8788600357BF4 /* WelcomeController.swift in Sources */ = {isa = PBXBuildFile; fileRef = 3912A66421F8788600357BF4 /* WelcomeController.swift */; };
		3912A66721F878D600357BF4 /* WelcomeView.swift in Sources */ = {isa = PBXBuildFile; fileRef = 3912A66621F878D600357BF4 /* WelcomeView.swift */; };
		3912A66B21F8861F00357BF4 /* WelcomeViewModel.swift in Sources */ = {isa = PBXBuildFile; fileRef = 3912A66A21F8861F00357BF4 /* WelcomeViewModel.swift */; };
		3916E6222201EFB9009CC9A2 /* WelcomeViewTests.swift in Sources */ = {isa = PBXBuildFile; fileRef = 3916E6212201EFB9009CC9A2 /* WelcomeViewTests.swift */; };
		3916E6242201EFC2009CC9A2 /* WelcomeViewModelTests.swift in Sources */ = {isa = PBXBuildFile; fileRef = 3916E6232201EFC2009CC9A2 /* WelcomeViewModelTests.swift */; };
		3916E6262201F925009CC9A2 /* PageViewModelTests.swift in Sources */ = {isa = PBXBuildFile; fileRef = 3916E6252201F925009CC9A2 /* PageViewModelTests.swift */; };
		3916E6292201FC8C009CC9A2 /* SHMACardViewModelTests.swift in Sources */ = {isa = PBXBuildFile; fileRef = 3916E6282201FC8C009CC9A2 /* SHMACardViewModelTests.swift */; };
		39282A0D21CE3D43003E3AAA /* MemberController.swift in Sources */ = {isa = PBXBuildFile; fileRef = 39282A0C21CE3D43003E3AAA /* MemberController.swift */; };
		39282A1121CE4174003E3AAA /* InitialViewModel.swift in Sources */ = {isa = PBXBuildFile; fileRef = 39282A1021CE4174003E3AAA /* InitialViewModel.swift */; };
		39282A1321CE4184003E3AAA /* InitialController+Handlers.swift in Sources */ = {isa = PBXBuildFile; fileRef = 39282A1221CE4184003E3AAA /* InitialController+Handlers.swift */; };
		39282A1521CE49AD003E3AAA /* InitialView.swift in Sources */ = {isa = PBXBuildFile; fileRef = 39282A1421CE49AD003E3AAA /* InitialView.swift */; };
		393C8C1A2206130F00FA7EB7 /* ProfileController+Handlers.swift in Sources */ = {isa = PBXBuildFile; fileRef = 393C8C192206130F00FA7EB7 /* ProfileController+Handlers.swift */; };
		393C8C1C2206151000FA7EB7 /* ProfileController+Delegate.swift in Sources */ = {isa = PBXBuildFile; fileRef = 393C8C1B2206151000FA7EB7 /* ProfileController+Delegate.swift */; };
		393C8C1E2206152100FA7EB7 /* ProfileController+Datasource.swift in Sources */ = {isa = PBXBuildFile; fileRef = 393C8C1D2206152100FA7EB7 /* ProfileController+Datasource.swift */; };
		393C8C202206161700FA7EB7 /* ProfileCell.swift in Sources */ = {isa = PBXBuildFile; fileRef = 393C8C1F2206161700FA7EB7 /* ProfileCell.swift */; };
		393F4B7421CBCBEF009B4239 /* AppDelegate.swift in Sources */ = {isa = PBXBuildFile; fileRef = 393F4B7321CBCBEF009B4239 /* AppDelegate.swift */; };
		393F4B7621CBCBEF009B4239 /* InitialController.swift in Sources */ = {isa = PBXBuildFile; fileRef = 393F4B7521CBCBEF009B4239 /* InitialController.swift */; };
		393F4B7B21CBCBEF009B4239 /* Assets.xcassets in Resources */ = {isa = PBXBuildFile; fileRef = 393F4B7A21CBCBEF009B4239 /* Assets.xcassets */; };
		393F4B7E21CBCBEF009B4239 /* LaunchScreen.storyboard in Resources */ = {isa = PBXBuildFile; fileRef = 393F4B7C21CBCBEF009B4239 /* LaunchScreen.storyboard */; };
		393F4B8921CBCBEF009B4239 /* InitialViewModelTests.swift in Sources */ = {isa = PBXBuildFile; fileRef = 393F4B8821CBCBEF009B4239 /* InitialViewModelTests.swift */; };
		393F4B9521CBD26C009B4239 /* General.swift in Sources */ = {isa = PBXBuildFile; fileRef = 393F4B9421CBD26C009B4239 /* General.swift */; };
		394731DD21DFCB3900DB9425 /* GoogleService-Info.plist in Resources */ = {isa = PBXBuildFile; fileRef = 394731DC21DFCB3900DB9425 /* GoogleService-Info.plist */; };
		394731E221DFD94E00DB9425 /* FirebaseDatabaseSession.swift in Sources */ = {isa = PBXBuildFile; fileRef = 394731E121DFD94E00DB9425 /* FirebaseDatabaseSession.swift */; };
		394731E421DFDADD00DB9425 /* FirebaseDatabaseManager.swift in Sources */ = {isa = PBXBuildFile; fileRef = 394731E321DFDADD00DB9425 /* FirebaseDatabaseManager.swift */; };
		394731E621DFDB9F00DB9425 /* FirebaseDatabase+Util.swift in Sources */ = {isa = PBXBuildFile; fileRef = 394731E521DFDB9F00DB9425 /* FirebaseDatabase+Util.swift */; };
		394731E921DFDE0B00DB9425 /* Reachability.swift in Sources */ = {isa = PBXBuildFile; fileRef = 394731E821DFDE0B00DB9425 /* Reachability.swift */; };
		394C71DA21D3786E00BF9D0D /* CorporateViewModel.swift in Sources */ = {isa = PBXBuildFile; fileRef = 394C71D921D3786E00BF9D0D /* CorporateViewModel.swift */; };
		394DE9CF21E8F64F0003AC46 /* FirebaseAuthSessionMock.swift in Sources */ = {isa = PBXBuildFile; fileRef = 394DE9CE21E8F64F0003AC46 /* FirebaseAuthSessionMock.swift */; };
		394DE9D121E8F6CE0003AC46 /* FirebaseAuthTests.swift in Sources */ = {isa = PBXBuildFile; fileRef = 394DE9D021E8F6CE0003AC46 /* FirebaseAuthTests.swift */; };
		394F6CB821FF2038000AB415 /* PageViewModel.swift in Sources */ = {isa = PBXBuildFile; fileRef = 394F6CB721FF2038000AB415 /* PageViewModel.swift */; };
		394F6CBA21FF20A9000AB415 /* Page.swift in Sources */ = {isa = PBXBuildFile; fileRef = 394F6CB921FF20A9000AB415 /* Page.swift */; };
		394F6CBC21FF2229000AB415 /* WelcomeView+Delegate.swift in Sources */ = {isa = PBXBuildFile; fileRef = 394F6CBB21FF2229000AB415 /* WelcomeView+Delegate.swift */; };
		394F6CBE21FF223C000AB415 /* WelcomeView+Datasource.swift in Sources */ = {isa = PBXBuildFile; fileRef = 394F6CBD21FF223C000AB415 /* WelcomeView+Datasource.swift */; };
		394F6CC021FF2533000AB415 /* WelcomeViewCell.swift in Sources */ = {isa = PBXBuildFile; fileRef = 394F6CBF21FF2533000AB415 /* WelcomeViewCell.swift */; };
		396B1CE8221AFD1A00E4FB44 /* PrayerTimesResponse.swift in Sources */ = {isa = PBXBuildFile; fileRef = 396B1CE7221AFD1A00E4FB44 /* PrayerTimesResponse.swift */; };
		396B1CEA221AFD8400E4FB44 /* PrayerData.swift in Sources */ = {isa = PBXBuildFile; fileRef = 396B1CE9221AFD8400E4FB44 /* PrayerData.swift */; };
		396B1CEC221AFE3200E4FB44 /* Timings.swift in Sources */ = {isa = PBXBuildFile; fileRef = 396B1CEB221AFE3200E4FB44 /* Timings.swift */; };
		396B1CF0221B05C500E4FB44 /* HomeController+Delegate.swift in Sources */ = {isa = PBXBuildFile; fileRef = 396B1CEF221B05C500E4FB44 /* HomeController+Delegate.swift */; };
		396B1CF2221B0EC800E4FB44 /* PrayerDate.swift in Sources */ = {isa = PBXBuildFile; fileRef = 396B1CF1221B0EC800E4FB44 /* PrayerDate.swift */; };
		396B1CF4221B0F3C00E4FB44 /* Hijri.swift in Sources */ = {isa = PBXBuildFile; fileRef = 396B1CF3221B0F3C00E4FB44 /* Hijri.swift */; };
		396B1CF6221B0FDB00E4FB44 /* PrayerTimesView.swift in Sources */ = {isa = PBXBuildFile; fileRef = 396B1CF5221B0FDB00E4FB44 /* PrayerTimesView.swift */; };
		396B1CF8221B112500E4FB44 /* PrayerTimesView+Delegate.swift in Sources */ = {isa = PBXBuildFile; fileRef = 396B1CF7221B112500E4FB44 /* PrayerTimesView+Delegate.swift */; };
		396B1CFA221B112C00E4FB44 /* PrayerTimesView+Datasource.swift in Sources */ = {isa = PBXBuildFile; fileRef = 396B1CF9221B112C00E4FB44 /* PrayerTimesView+Datasource.swift */; };
		396B1CFC221B117800E4FB44 /* PrayerTimesCell.swift in Sources */ = {isa = PBXBuildFile; fileRef = 396B1CFB221B117800E4FB44 /* PrayerTimesCell.swift */; };
		396B1CFE221B2F2E00E4FB44 /* HomeController+Handlers.swift in Sources */ = {isa = PBXBuildFile; fileRef = 396B1CFD221B2F2E00E4FB44 /* HomeController+Handlers.swift */; };
		396B1D00221B302700E4FB44 /* PrayerTimesViewModel.swift in Sources */ = {isa = PBXBuildFile; fileRef = 396B1CFF221B302700E4FB44 /* PrayerTimesViewModel.swift */; };
		396C425C21F66C2C00307022 /* PasswordResetViewModelTests.swift in Sources */ = {isa = PBXBuildFile; fileRef = 396C425B21F66C2C00307022 /* PasswordResetViewModelTests.swift */; };
		396C425E21F66C3E00307022 /* PasswordResetViewTests.swift in Sources */ = {isa = PBXBuildFile; fileRef = 396C425D21F66C3E00307022 /* PasswordResetViewTests.swift */; };
		397110BC220CAFEE004B9906 /* BusinessView.swift in Sources */ = {isa = PBXBuildFile; fileRef = 397110BB220CAFEE004B9906 /* BusinessView.swift */; };
		39803D7622087DC4005458E1 /* ProfileViewModel.swift in Sources */ = {isa = PBXBuildFile; fileRef = 39803D7522087DC4005458E1 /* ProfileViewModel.swift */; };
		39803D78220882B9005458E1 /* ProfileFooter.swift in Sources */ = {isa = PBXBuildFile; fileRef = 39803D77220882B9005458E1 /* ProfileFooter.swift */; };
		39803D7B22088E53005458E1 /* ProfileViewModelTests.swift in Sources */ = {isa = PBXBuildFile; fileRef = 39803D7A22088E53005458E1 /* ProfileViewModelTests.swift */; };
		39803D7E2208B1AB005458E1 /* BusinessController.swift in Sources */ = {isa = PBXBuildFile; fileRef = 39803D7D2208B1AB005458E1 /* BusinessController.swift */; };
		399549692218AD6F0053F9F3 /* FuneralContactsController.swift in Sources */ = {isa = PBXBuildFile; fileRef = 399549682218AD6F0053F9F3 /* FuneralContactsController.swift */; };
		3995496C2218B1D70053F9F3 /* FuneralContactsView.swift in Sources */ = {isa = PBXBuildFile; fileRef = 3995496B2218B1D70053F9F3 /* FuneralContactsView.swift */; };
		3995496E2218B22F0053F9F3 /* FuneralContactsView+Datasource.swift in Sources */ = {isa = PBXBuildFile; fileRef = 3995496D2218B22F0053F9F3 /* FuneralContactsView+Datasource.swift */; };
		399549702218B47B0053F9F3 /* FuneralContact.swift in Sources */ = {isa = PBXBuildFile; fileRef = 3995496F2218B47B0053F9F3 /* FuneralContact.swift */; };
		39BD10B121F2780400A3ADD9 /* LoginRegistrationController+Delegate.swift in Sources */ = {isa = PBXBuildFile; fileRef = 39BD10B021F2780400A3ADD9 /* LoginRegistrationController+Delegate.swift */; };
		39D03CD02212E6FC002375B6 /* BusinessViewModelTests.swift in Sources */ = {isa = PBXBuildFile; fileRef = 39D03CCF2212E6FC002375B6 /* BusinessViewModelTests.swift */; };
		39D03CD42212F884002375B6 /* BusinessViewTests.swift in Sources */ = {isa = PBXBuildFile; fileRef = 39D03CD32212F884002375B6 /* BusinessViewTests.swift */; };
		39D03CD622130AB3002375B6 /* ProfileFooterTests.swift in Sources */ = {isa = PBXBuildFile; fileRef = 39D03CD522130AB3002375B6 /* ProfileFooterTests.swift */; };
		39D03CD922130E43002375B6 /* NetworkSessionMock.swift in Sources */ = {isa = PBXBuildFile; fileRef = 39D03CD822130E43002375B6 /* NetworkSessionMock.swift */; };
		39D03CDB22130EAD002375B6 /* NetworkManagerTests.swift in Sources */ = {isa = PBXBuildFile; fileRef = 39D03CDA22130EAD002375B6 /* NetworkManagerTests.swift */; };
		39D4324421E4B3DF00F62B31 /* ReachabilityTests.swift in Sources */ = {isa = PBXBuildFile; fileRef = 39D4324321E4B3DF00F62B31 /* ReachabilityTests.swift */; };
		39D4324721E4FF2700F62B31 /* MemberView.swift in Sources */ = {isa = PBXBuildFile; fileRef = 39D4324621E4FF2700F62B31 /* MemberView.swift */; };
		39D4324B21E51AD700F62B31 /* MemberViewModel.swift in Sources */ = {isa = PBXBuildFile; fileRef = 39D4324A21E51AD700F62B31 /* MemberViewModel.swift */; };
		39DE6E4621E3CC70003F8A99 /* FirebaseDatabaseSessionMock.swift in Sources */ = {isa = PBXBuildFile; fileRef = 39DE6E4521E3CC70003F8A99 /* FirebaseDatabaseSessionMock.swift */; };
		39DE6E4821E3CE87003F8A99 /* FirebaseDatabaseTests.swift in Sources */ = {isa = PBXBuildFile; fileRef = 39DE6E4721E3CE87003F8A99 /* FirebaseDatabaseTests.swift */; };
		39DF57B021E8A03700387A74 /* LoginRegistrationViewModel.swift in Sources */ = {isa = PBXBuildFile; fileRef = 39DF57AF21E8A03700387A74 /* LoginRegistrationViewModel.swift */; };
		39DF57B221E8BAD800387A74 /* LoginRegistrationViewTests.swift in Sources */ = {isa = PBXBuildFile; fileRef = 39DF57B121E8BAD800387A74 /* LoginRegistrationViewTests.swift */; };
		39DF57B521E8E1D400387A74 /* TermsAndConditionsViewModelTests.swift in Sources */ = {isa = PBXBuildFile; fileRef = 39DF57B421E8E1D400387A74 /* TermsAndConditionsViewModelTests.swift */; };
		39DF57B721E8E3B400387A74 /* TermsAndConditionsViewTests.swift in Sources */ = {isa = PBXBuildFile; fileRef = 39DF57B621E8E3B400387A74 /* TermsAndConditionsViewTests.swift */; };
		39DF57B921E8ED9400387A74 /* FirebaseAuthSession.swift in Sources */ = {isa = PBXBuildFile; fileRef = 39DF57B821E8ED9400387A74 /* FirebaseAuthSession.swift */; };
		39DF57BB21E8EDA700387A74 /* FirebaseAuthManager.swift in Sources */ = {isa = PBXBuildFile; fileRef = 39DF57BA21E8EDA700387A74 /* FirebaseAuthManager.swift */; };
		39DF57BD21E8EDBA00387A74 /* FirebaseAuth+Util.swift in Sources */ = {isa = PBXBuildFile; fileRef = 39DF57BC21E8EDBA00387A74 /* FirebaseAuth+Util.swift */; };
		39EF83962219BBF700320075 /* FuneralContactViewModel.swift in Sources */ = {isa = PBXBuildFile; fileRef = 39EF83952219BBF700320075 /* FuneralContactViewModel.swift */; };
		39EF83982219C64D00320075 /* FuneralContactsCell.swift in Sources */ = {isa = PBXBuildFile; fileRef = 39EF83972219C64D00320075 /* FuneralContactsCell.swift */; };
		39EF839A2219C8A200320075 /* FuneralContactsView+Delegate.swift in Sources */ = {isa = PBXBuildFile; fileRef = 39EF83992219C8A200320075 /* FuneralContactsView+Delegate.swift */; };
		39F0DA1C21E634BB0073D047 /* LoginRegistrationController.swift in Sources */ = {isa = PBXBuildFile; fileRef = 39F0DA1B21E634BB0073D047 /* LoginRegistrationController.swift */; };
		39F0DA1E21E634EA0073D047 /* LoginRegistrationView.swift in Sources */ = {isa = PBXBuildFile; fileRef = 39F0DA1D21E634EA0073D047 /* LoginRegistrationView.swift */; };
		39F0DA2021E640E80073D047 /* LoginRegistrationViewModel.swift in Sources */ = {isa = PBXBuildFile; fileRef = 39F0DA1F21E640E80073D047 /* LoginRegistrationViewModel.swift */; };
		39F4AD3C21F6098C00B17C63 /* LoginRegistrationView+AddingSubviews.swift in Sources */ = {isa = PBXBuildFile; fileRef = 39F4AD3B21F6098C00B17C63 /* LoginRegistrationView+AddingSubviews.swift */; };
		39F4AD3E21F624B600B17C63 /* PasswordResetController.swift in Sources */ = {isa = PBXBuildFile; fileRef = 39F4AD3D21F624B600B17C63 /* PasswordResetController.swift */; };
		39F4AD4521F6260E00B17C63 /* PasswordResetView.swift in Sources */ = {isa = PBXBuildFile; fileRef = 39F4AD4421F6260E00B17C63 /* PasswordResetView.swift */; };
		39F4AD4721F6291900B17C63 /* PasswordResetViewModel.swift in Sources */ = {isa = PBXBuildFile; fileRef = 39F4AD4621F6291900B17C63 /* PasswordResetViewModel.swift */; };
		39F4AD4B21F63DB100B17C63 /* PasswordResetController+Handlers.swift in Sources */ = {isa = PBXBuildFile; fileRef = 39F4AD4A21F63DB100B17C63 /* PasswordResetController+Handlers.swift */; };
		39F58234221C38D800D8C16A /* PrayerTimesViewModelTests.swift in Sources */ = {isa = PBXBuildFile; fileRef = 39F58233221C38D800D8C16A /* PrayerTimesViewModelTests.swift */; };
		39F58237221C3A3600D8C16A /* FuneralContactsViewModelTests.swift in Sources */ = {isa = PBXBuildFile; fileRef = 39F58236221C3A3600D8C16A /* FuneralContactsViewModelTests.swift */; };
		39FFD97321FC702800EC4058 /* Member.swift in Sources */ = {isa = PBXBuildFile; fileRef = 39FFD97221FC702800EC4058 /* Member.swift */; };
		39FFD97521FC776E00EC4058 /* SHMACardViewModel.swift in Sources */ = {isa = PBXBuildFile; fileRef = 39FFD97421FC776E00EC4058 /* SHMACardViewModel.swift */; };
		39FFD97721FC7C0900EC4058 /* Association.swift in Sources */ = {isa = PBXBuildFile; fileRef = 39FFD97621FC7C0900EC4058 /* Association.swift */; };
		B267AD6D82B37C3B8804A0A8 /* Pods_SHMA.framework in Frameworks */ = {isa = PBXBuildFile; fileRef = 89C246D7473E93BE65986D8B /* Pods_SHMA.framework */; };
		C7A3A43F0AACA6C88D59CEDF /* Pods_SHMATests.framework in Frameworks */ = {isa = PBXBuildFile; fileRef = 32D91D397A0595FDFFC2A45D /* Pods_SHMATests.framework */; };
/* End PBXBuildFile section */

/* Begin PBXContainerItemProxy section */
		393F4B8521CBCBEF009B4239 /* PBXContainerItemProxy */ = {
			isa = PBXContainerItemProxy;
			containerPortal = 393F4B6821CBCBEF009B4239 /* Project object */;
			proxyType = 1;
			remoteGlobalIDString = 393F4B6F21CBCBEF009B4239;
			remoteInfo = SHMA;
		};
/* End PBXContainerItemProxy section */

/* Begin PBXFileReference section */
		00C3BDD08A119C325654006B /* Pods-SHMATests.debug.xcconfig */ = {isa = PBXFileReference; includeInIndex = 1; lastKnownFileType = text.xcconfig; name = "Pods-SHMATests.debug.xcconfig"; path = "Pods/Target Support Files/Pods-SHMATests/Pods-SHMATests.debug.xcconfig"; sourceTree = "<group>"; };
		32D91D397A0595FDFFC2A45D /* Pods_SHMATests.framework */ = {isa = PBXFileReference; explicitFileType = wrapper.framework; includeInIndex = 0; path = Pods_SHMATests.framework; sourceTree = BUILT_PRODUCTS_DIR; };
		390232812210211600E205B8 /* BusinessView+Delegate.swift */ = {isa = PBXFileReference; lastKnownFileType = sourcecode.swift; path = "BusinessView+Delegate.swift"; sourceTree = "<group>"; };
		390232832210212100E205B8 /* BusinessView+Datasource.swift */ = {isa = PBXFileReference; lastKnownFileType = sourcecode.swift; path = "BusinessView+Datasource.swift"; sourceTree = "<group>"; };
		390232852210219B00E205B8 /* BusinessCell.swift */ = {isa = PBXFileReference; lastKnownFileType = sourcecode.swift; path = BusinessCell.swift; sourceTree = "<group>"; };
		390232872210224200E205B8 /* Business.swift */ = {isa = PBXFileReference; lastKnownFileType = sourcecode.swift; path = Business.swift; sourceTree = "<group>"; };
		3904DF2A221097850096BBFD /* GooglePlacesResponse.swift */ = {isa = PBXFileReference; lastKnownFileType = sourcecode.swift; path = GooglePlacesResponse.swift; sourceTree = "<group>"; };
		3904DF2C2210985A0096BBFD /* Place.swift */ = {isa = PBXFileReference; lastKnownFileType = sourcecode.swift; path = Place.swift; sourceTree = "<group>"; };
		3904DF2E221099BE0096BBFD /* Location.swift */ = {isa = PBXFileReference; lastKnownFileType = sourcecode.swift; path = Location.swift; sourceTree = "<group>"; };
		3904DF3022109A5C0096BBFD /* OpeningHours.swift */ = {isa = PBXFileReference; lastKnownFileType = sourcecode.swift; path = OpeningHours.swift; sourceTree = "<group>"; };
		3904DF3222109D620096BBFD /* NetworkSession.swift */ = {isa = PBXFileReference; lastKnownFileType = sourcecode.swift; path = NetworkSession.swift; sourceTree = "<group>"; };
		3904DF3422109E100096BBFD /* NetworkManager.swift */ = {isa = PBXFileReference; lastKnownFileType = sourcecode.swift; path = NetworkManager.swift; sourceTree = "<group>"; };
		3904DF3622109E840096BBFD /* URLSession+Util.swift */ = {isa = PBXFileReference; lastKnownFileType = sourcecode.swift; path = "URLSession+Util.swift"; sourceTree = "<group>"; };
		3905913A21E766BE00F297AC /* LoginRegistrationView+Handlers.swift */ = {isa = PBXFileReference; lastKnownFileType = sourcecode.swift; path = "LoginRegistrationView+Handlers.swift"; sourceTree = "<group>"; };
		3905913C21E780CB00F297AC /* LoginRegistrationController+Handlers.swift */ = {isa = PBXFileReference; lastKnownFileType = sourcecode.swift; path = "LoginRegistrationController+Handlers.swift"; sourceTree = "<group>"; };
		3905913E21E78D8E00F297AC /* TermsAndConditionsView.swift */ = {isa = PBXFileReference; lastKnownFileType = sourcecode.swift; path = TermsAndConditionsView.swift; sourceTree = "<group>"; };
		3905914021E7920D00F297AC /* TermsAndConditionsController.swift */ = {isa = PBXFileReference; lastKnownFileType = sourcecode.swift; path = TermsAndConditionsController.swift; sourceTree = "<group>"; };
		3905914221E793C500F297AC /* TermsAndConditionsView+Handlers.swift */ = {isa = PBXFileReference; lastKnownFileType = sourcecode.swift; path = "TermsAndConditionsView+Handlers.swift"; sourceTree = "<group>"; };
		3905914821E798C800F297AC /* TermsAndConditionsController+Handlers.swift */ = {isa = PBXFileReference; lastKnownFileType = sourcecode.swift; path = "TermsAndConditionsController+Handlers.swift"; sourceTree = "<group>"; };
		3905914A21E79C6D00F297AC /* Terms&Conditionsv8.pdf */ = {isa = PBXFileReference; lastKnownFileType = image.pdf; path = "Terms&Conditionsv8.pdf"; sourceTree = "<group>"; };
		3905914C21E7C30000F297AC /* TermsAndConditionsViewModel.swift */ = {isa = PBXFileReference; lastKnownFileType = sourcecode.swift; path = TermsAndConditionsViewModel.swift; sourceTree = "<group>"; };
		39063E5121E62B9000A020EE /* MemberViewModelTests.swift */ = {isa = PBXFileReference; lastKnownFileType = sourcecode.swift; path = MemberViewModelTests.swift; sourceTree = "<group>"; };
		39063E5321E62B9800A020EE /* MemberViewTests.swift */ = {isa = PBXFileReference; lastKnownFileType = sourcecode.swift; path = MemberViewTests.swift; sourceTree = "<group>"; };
		39063E5521E6334B00A020EE /* MemberController+Handlers.swift */ = {isa = PBXFileReference; lastKnownFileType = sourcecode.swift; path = "MemberController+Handlers.swift"; sourceTree = "<group>"; };
		3907927C21EF7CE200AD4539 /* SpouseChildCell.swift */ = {isa = PBXFileReference; lastKnownFileType = sourcecode.swift; path = SpouseChildCell.swift; sourceTree = "<group>"; };
		3907927E21EF7DFC00AD4539 /* LoginRegistrationView+Delegate.swift */ = {isa = PBXFileReference; lastKnownFileType = sourcecode.swift; path = "LoginRegistrationView+Delegate.swift"; sourceTree = "<group>"; };
		3907928021EF7E0600AD4539 /* LoginRegistrationView+Datasource.swift */ = {isa = PBXFileReference; lastKnownFileType = sourcecode.swift; path = "LoginRegistrationView+Datasource.swift"; sourceTree = "<group>"; };
		3907928221EF9D4F00AD4539 /* Family.swift */ = {isa = PBXFileReference; lastKnownFileType = sourcecode.swift; path = Family.swift; sourceTree = "<group>"; };
		3907928421EFC84400AD4539 /* AddSpouseChildCell.swift */ = {isa = PBXFileReference; lastKnownFileType = sourcecode.swift; path = AddSpouseChildCell.swift; sourceTree = "<group>"; };
		3908AEC32211DE1C0045E137 /* ImageClient.swift */ = {isa = PBXFileReference; lastKnownFileType = sourcecode.swift; path = ImageClient.swift; sourceTree = "<group>"; };
		3908AEC62211F0E80045E137 /* BusinessDetailController.swift */ = {isa = PBXFileReference; lastKnownFileType = sourcecode.swift; path = BusinessDetailController.swift; sourceTree = "<group>"; };
		3908AEC82211F1930045E137 /* BusinessDetailView.swift */ = {isa = PBXFileReference; lastKnownFileType = sourcecode.swift; path = BusinessDetailView.swift; sourceTree = "<group>"; };
		3908AECA2211F1C90045E137 /* BusinessDetailView+Delegate.swift */ = {isa = PBXFileReference; lastKnownFileType = sourcecode.swift; path = "BusinessDetailView+Delegate.swift"; sourceTree = "<group>"; };
		3908AECC2211F1D30045E137 /* BusinessDetailView+Datasource.swift */ = {isa = PBXFileReference; lastKnownFileType = sourcecode.swift; path = "BusinessDetailView+Datasource.swift"; sourceTree = "<group>"; };
		3908AECE2211F3370045E137 /* BusinessController+Delegate.swift */ = {isa = PBXFileReference; lastKnownFileType = sourcecode.swift; path = "BusinessController+Delegate.swift"; sourceTree = "<group>"; };
		3908AED22212177B0045E137 /* BusinessDetailHeader.swift */ = {isa = PBXFileReference; lastKnownFileType = sourcecode.swift; path = BusinessDetailHeader.swift; sourceTree = "<group>"; };
		3908AED422121D930045E137 /* BusinessDetailController+Delegate.swift */ = {isa = PBXFileReference; lastKnownFileType = sourcecode.swift; path = "BusinessDetailController+Delegate.swift"; sourceTree = "<group>"; };
		390CDB52220F7FDC00920041 /* BusinessViewModel.swift */ = {isa = PBXFileReference; lastKnownFileType = sourcecode.swift; path = BusinessViewModel.swift; sourceTree = "<group>"; };
		390E4D9A21F73F97009BC363 /* AuthErrorCode+Util.swift */ = {isa = PBXFileReference; lastKnownFileType = sourcecode.swift; path = "AuthErrorCode+Util.swift"; sourceTree = "<group>"; };
		390E4D9C21F76362009BC363 /* FirebaseAuthErrorTests.swift */ = {isa = PBXFileReference; lastKnownFileType = sourcecode.swift; path = FirebaseAuthErrorTests.swift; sourceTree = "<group>"; };
		390E4D9F21F772E1009BC363 /* HomeController.swift */ = {isa = PBXFileReference; lastKnownFileType = sourcecode.swift; path = HomeController.swift; sourceTree = "<group>"; };
		390E4DA121F773B7009BC363 /* MemberTabBarController.swift */ = {isa = PBXFileReference; lastKnownFileType = sourcecode.swift; path = MemberTabBarController.swift; sourceTree = "<group>"; };
		390E4DA421F77706009BC363 /* ProfileController.swift */ = {isa = PBXFileReference; lastKnownFileType = sourcecode.swift; path = ProfileController.swift; sourceTree = "<group>"; };
		390E4DA821F78B9E009BC363 /* SHMACardView.swift */ = {isa = PBXFileReference; lastKnownFileType = sourcecode.swift; path = SHMACardView.swift; sourceTree = "<group>"; };
		3911952221D267E5005D481C /* InitialViewTests.swift */ = {isa = PBXFileReference; lastKnownFileType = sourcecode.swift; path = InitialViewTests.swift; sourceTree = "<group>"; };
		3912A66421F8788600357BF4 /* WelcomeController.swift */ = {isa = PBXFileReference; lastKnownFileType = sourcecode.swift; path = WelcomeController.swift; sourceTree = "<group>"; };
		3912A66621F878D600357BF4 /* WelcomeView.swift */ = {isa = PBXFileReference; lastKnownFileType = sourcecode.swift; path = WelcomeView.swift; sourceTree = "<group>"; };
		3912A66A21F8861F00357BF4 /* WelcomeViewModel.swift */ = {isa = PBXFileReference; lastKnownFileType = sourcecode.swift; path = WelcomeViewModel.swift; sourceTree = "<group>"; };
		3916E6212201EFB9009CC9A2 /* WelcomeViewTests.swift */ = {isa = PBXFileReference; lastKnownFileType = sourcecode.swift; path = WelcomeViewTests.swift; sourceTree = "<group>"; };
		3916E6232201EFC2009CC9A2 /* WelcomeViewModelTests.swift */ = {isa = PBXFileReference; lastKnownFileType = sourcecode.swift; path = WelcomeViewModelTests.swift; sourceTree = "<group>"; };
		3916E6252201F925009CC9A2 /* PageViewModelTests.swift */ = {isa = PBXFileReference; lastKnownFileType = sourcecode.swift; path = PageViewModelTests.swift; sourceTree = "<group>"; };
		3916E6282201FC8C009CC9A2 /* SHMACardViewModelTests.swift */ = {isa = PBXFileReference; lastKnownFileType = sourcecode.swift; path = SHMACardViewModelTests.swift; sourceTree = "<group>"; };
		39282A0C21CE3D43003E3AAA /* MemberController.swift */ = {isa = PBXFileReference; lastKnownFileType = sourcecode.swift; path = MemberController.swift; sourceTree = "<group>"; };
		39282A1021CE4174003E3AAA /* InitialViewModel.swift */ = {isa = PBXFileReference; lastKnownFileType = sourcecode.swift; path = InitialViewModel.swift; sourceTree = "<group>"; };
		39282A1221CE4184003E3AAA /* InitialController+Handlers.swift */ = {isa = PBXFileReference; lastKnownFileType = sourcecode.swift; path = "InitialController+Handlers.swift"; sourceTree = "<group>"; };
		39282A1421CE49AD003E3AAA /* InitialView.swift */ = {isa = PBXFileReference; lastKnownFileType = sourcecode.swift; path = InitialView.swift; sourceTree = "<group>"; };
		393C8C192206130F00FA7EB7 /* ProfileController+Handlers.swift */ = {isa = PBXFileReference; lastKnownFileType = sourcecode.swift; path = "ProfileController+Handlers.swift"; sourceTree = "<group>"; };
		393C8C1B2206151000FA7EB7 /* ProfileController+Delegate.swift */ = {isa = PBXFileReference; lastKnownFileType = sourcecode.swift; path = "ProfileController+Delegate.swift"; sourceTree = "<group>"; };
		393C8C1D2206152100FA7EB7 /* ProfileController+Datasource.swift */ = {isa = PBXFileReference; lastKnownFileType = sourcecode.swift; path = "ProfileController+Datasource.swift"; sourceTree = "<group>"; };
		393C8C1F2206161700FA7EB7 /* ProfileCell.swift */ = {isa = PBXFileReference; lastKnownFileType = sourcecode.swift; path = ProfileCell.swift; sourceTree = "<group>"; };
		393F4B7021CBCBEF009B4239 /* SHMA.app */ = {isa = PBXFileReference; explicitFileType = wrapper.application; includeInIndex = 0; path = SHMA.app; sourceTree = BUILT_PRODUCTS_DIR; };
		393F4B7321CBCBEF009B4239 /* AppDelegate.swift */ = {isa = PBXFileReference; lastKnownFileType = sourcecode.swift; path = AppDelegate.swift; sourceTree = "<group>"; };
		393F4B7521CBCBEF009B4239 /* InitialController.swift */ = {isa = PBXFileReference; lastKnownFileType = sourcecode.swift; path = InitialController.swift; sourceTree = "<group>"; };
		393F4B7A21CBCBEF009B4239 /* Assets.xcassets */ = {isa = PBXFileReference; lastKnownFileType = folder.assetcatalog; path = Assets.xcassets; sourceTree = "<group>"; };
		393F4B7D21CBCBEF009B4239 /* Base */ = {isa = PBXFileReference; lastKnownFileType = file.storyboard; name = Base; path = Base.lproj/LaunchScreen.storyboard; sourceTree = "<group>"; };
		393F4B7F21CBCBEF009B4239 /* Info.plist */ = {isa = PBXFileReference; lastKnownFileType = text.plist.xml; path = Info.plist; sourceTree = "<group>"; };
		393F4B8421CBCBEF009B4239 /* SHMATests.xctest */ = {isa = PBXFileReference; explicitFileType = wrapper.cfbundle; includeInIndex = 0; path = SHMATests.xctest; sourceTree = BUILT_PRODUCTS_DIR; };
		393F4B8821CBCBEF009B4239 /* InitialViewModelTests.swift */ = {isa = PBXFileReference; lastKnownFileType = sourcecode.swift; path = InitialViewModelTests.swift; sourceTree = "<group>"; };
		393F4B8A21CBCBEF009B4239 /* Info.plist */ = {isa = PBXFileReference; lastKnownFileType = text.plist.xml; path = Info.plist; sourceTree = "<group>"; };
		393F4B9421CBD26C009B4239 /* General.swift */ = {isa = PBXFileReference; lastKnownFileType = sourcecode.swift; path = General.swift; sourceTree = "<group>"; };
		394731DC21DFCB3900DB9425 /* GoogleService-Info.plist */ = {isa = PBXFileReference; fileEncoding = 4; lastKnownFileType = text.plist.xml; path = "GoogleService-Info.plist"; sourceTree = "<group>"; };
		394731E121DFD94E00DB9425 /* FirebaseDatabaseSession.swift */ = {isa = PBXFileReference; lastKnownFileType = sourcecode.swift; path = FirebaseDatabaseSession.swift; sourceTree = "<group>"; };
		394731E321DFDADD00DB9425 /* FirebaseDatabaseManager.swift */ = {isa = PBXFileReference; lastKnownFileType = sourcecode.swift; path = FirebaseDatabaseManager.swift; sourceTree = "<group>"; };
		394731E521DFDB9F00DB9425 /* FirebaseDatabase+Util.swift */ = {isa = PBXFileReference; lastKnownFileType = sourcecode.swift; path = "FirebaseDatabase+Util.swift"; sourceTree = "<group>"; };
		394731E821DFDE0B00DB9425 /* Reachability.swift */ = {isa = PBXFileReference; fileEncoding = 4; lastKnownFileType = sourcecode.swift; path = Reachability.swift; sourceTree = "<group>"; };
		394C71D921D3786E00BF9D0D /* CorporateViewModel.swift */ = {isa = PBXFileReference; lastKnownFileType = sourcecode.swift; path = CorporateViewModel.swift; sourceTree = "<group>"; };
		394DE9CE21E8F64F0003AC46 /* FirebaseAuthSessionMock.swift */ = {isa = PBXFileReference; lastKnownFileType = sourcecode.swift; path = FirebaseAuthSessionMock.swift; sourceTree = "<group>"; };
		394DE9D021E8F6CE0003AC46 /* FirebaseAuthTests.swift */ = {isa = PBXFileReference; lastKnownFileType = sourcecode.swift; path = FirebaseAuthTests.swift; sourceTree = "<group>"; };
		394F6CB721FF2038000AB415 /* PageViewModel.swift */ = {isa = PBXFileReference; fileEncoding = 4; lastKnownFileType = sourcecode.swift; path = PageViewModel.swift; sourceTree = "<group>"; };
		394F6CB921FF20A9000AB415 /* Page.swift */ = {isa = PBXFileReference; lastKnownFileType = sourcecode.swift; path = Page.swift; sourceTree = "<group>"; };
		394F6CBB21FF2229000AB415 /* WelcomeView+Delegate.swift */ = {isa = PBXFileReference; lastKnownFileType = sourcecode.swift; path = "WelcomeView+Delegate.swift"; sourceTree = "<group>"; };
		394F6CBD21FF223C000AB415 /* WelcomeView+Datasource.swift */ = {isa = PBXFileReference; lastKnownFileType = sourcecode.swift; path = "WelcomeView+Datasource.swift"; sourceTree = "<group>"; };
		394F6CBF21FF2533000AB415 /* WelcomeViewCell.swift */ = {isa = PBXFileReference; lastKnownFileType = sourcecode.swift; path = WelcomeViewCell.swift; sourceTree = "<group>"; };
		396B1CE7221AFD1A00E4FB44 /* PrayerTimesResponse.swift */ = {isa = PBXFileReference; lastKnownFileType = sourcecode.swift; path = PrayerTimesResponse.swift; sourceTree = "<group>"; };
		396B1CE9221AFD8400E4FB44 /* PrayerData.swift */ = {isa = PBXFileReference; lastKnownFileType = sourcecode.swift; path = PrayerData.swift; sourceTree = "<group>"; };
		396B1CEB221AFE3200E4FB44 /* Timings.swift */ = {isa = PBXFileReference; lastKnownFileType = sourcecode.swift; path = Timings.swift; sourceTree = "<group>"; };
		396B1CEF221B05C500E4FB44 /* HomeController+Delegate.swift */ = {isa = PBXFileReference; lastKnownFileType = sourcecode.swift; path = "HomeController+Delegate.swift"; sourceTree = "<group>"; };
		396B1CF1221B0EC800E4FB44 /* PrayerDate.swift */ = {isa = PBXFileReference; lastKnownFileType = sourcecode.swift; path = PrayerDate.swift; sourceTree = "<group>"; };
		396B1CF3221B0F3C00E4FB44 /* Hijri.swift */ = {isa = PBXFileReference; lastKnownFileType = sourcecode.swift; path = Hijri.swift; sourceTree = "<group>"; };
		396B1CF5221B0FDB00E4FB44 /* PrayerTimesView.swift */ = {isa = PBXFileReference; lastKnownFileType = sourcecode.swift; path = PrayerTimesView.swift; sourceTree = "<group>"; };
		396B1CF7221B112500E4FB44 /* PrayerTimesView+Delegate.swift */ = {isa = PBXFileReference; lastKnownFileType = sourcecode.swift; path = "PrayerTimesView+Delegate.swift"; sourceTree = "<group>"; };
		396B1CF9221B112C00E4FB44 /* PrayerTimesView+Datasource.swift */ = {isa = PBXFileReference; lastKnownFileType = sourcecode.swift; path = "PrayerTimesView+Datasource.swift"; sourceTree = "<group>"; };
		396B1CFB221B117800E4FB44 /* PrayerTimesCell.swift */ = {isa = PBXFileReference; lastKnownFileType = sourcecode.swift; path = PrayerTimesCell.swift; sourceTree = "<group>"; };
		396B1CFD221B2F2E00E4FB44 /* HomeController+Handlers.swift */ = {isa = PBXFileReference; lastKnownFileType = sourcecode.swift; path = "HomeController+Handlers.swift"; sourceTree = "<group>"; };
		396B1CFF221B302700E4FB44 /* PrayerTimesViewModel.swift */ = {isa = PBXFileReference; lastKnownFileType = sourcecode.swift; path = PrayerTimesViewModel.swift; sourceTree = "<group>"; };
		396C425B21F66C2C00307022 /* PasswordResetViewModelTests.swift */ = {isa = PBXFileReference; lastKnownFileType = sourcecode.swift; path = PasswordResetViewModelTests.swift; sourceTree = "<group>"; };
		396C425D21F66C3E00307022 /* PasswordResetViewTests.swift */ = {isa = PBXFileReference; lastKnownFileType = sourcecode.swift; path = PasswordResetViewTests.swift; sourceTree = "<group>"; };
		397110BB220CAFEE004B9906 /* BusinessView.swift */ = {isa = PBXFileReference; lastKnownFileType = sourcecode.swift; path = BusinessView.swift; sourceTree = "<group>"; };
		39803D7522087DC4005458E1 /* ProfileViewModel.swift */ = {isa = PBXFileReference; lastKnownFileType = sourcecode.swift; path = ProfileViewModel.swift; sourceTree = "<group>"; };
		39803D77220882B9005458E1 /* ProfileFooter.swift */ = {isa = PBXFileReference; lastKnownFileType = sourcecode.swift; path = ProfileFooter.swift; sourceTree = "<group>"; };
		39803D7A22088E53005458E1 /* ProfileViewModelTests.swift */ = {isa = PBXFileReference; lastKnownFileType = sourcecode.swift; path = ProfileViewModelTests.swift; sourceTree = "<group>"; };
		39803D7D2208B1AB005458E1 /* BusinessController.swift */ = {isa = PBXFileReference; lastKnownFileType = sourcecode.swift; path = BusinessController.swift; sourceTree = "<group>"; };
		399549682218AD6F0053F9F3 /* FuneralContactsController.swift */ = {isa = PBXFileReference; lastKnownFileType = sourcecode.swift; path = FuneralContactsController.swift; sourceTree = "<group>"; };
		3995496B2218B1D70053F9F3 /* FuneralContactsView.swift */ = {isa = PBXFileReference; lastKnownFileType = sourcecode.swift; path = FuneralContactsView.swift; sourceTree = "<group>"; };
		3995496D2218B22F0053F9F3 /* FuneralContactsView+Datasource.swift */ = {isa = PBXFileReference; lastKnownFileType = sourcecode.swift; path = "FuneralContactsView+Datasource.swift"; sourceTree = "<group>"; };
		3995496F2218B47B0053F9F3 /* FuneralContact.swift */ = {isa = PBXFileReference; lastKnownFileType = sourcecode.swift; path = FuneralContact.swift; sourceTree = "<group>"; };
		39BD10B021F2780400A3ADD9 /* LoginRegistrationController+Delegate.swift */ = {isa = PBXFileReference; lastKnownFileType = sourcecode.swift; path = "LoginRegistrationController+Delegate.swift"; sourceTree = "<group>"; };
		39D03CCF2212E6FC002375B6 /* BusinessViewModelTests.swift */ = {isa = PBXFileReference; lastKnownFileType = sourcecode.swift; path = BusinessViewModelTests.swift; sourceTree = "<group>"; };
		39D03CD32212F884002375B6 /* BusinessViewTests.swift */ = {isa = PBXFileReference; lastKnownFileType = sourcecode.swift; path = BusinessViewTests.swift; sourceTree = "<group>"; };
		39D03CD522130AB3002375B6 /* ProfileFooterTests.swift */ = {isa = PBXFileReference; lastKnownFileType = sourcecode.swift; path = ProfileFooterTests.swift; sourceTree = "<group>"; };
		39D03CD822130E43002375B6 /* NetworkSessionMock.swift */ = {isa = PBXFileReference; lastKnownFileType = sourcecode.swift; path = NetworkSessionMock.swift; sourceTree = "<group>"; };
		39D03CDA22130EAD002375B6 /* NetworkManagerTests.swift */ = {isa = PBXFileReference; lastKnownFileType = sourcecode.swift; path = NetworkManagerTests.swift; sourceTree = "<group>"; };
		39D4324321E4B3DF00F62B31 /* ReachabilityTests.swift */ = {isa = PBXFileReference; lastKnownFileType = sourcecode.swift; path = ReachabilityTests.swift; sourceTree = "<group>"; };
		39D4324621E4FF2700F62B31 /* MemberView.swift */ = {isa = PBXFileReference; lastKnownFileType = sourcecode.swift; path = MemberView.swift; sourceTree = "<group>"; };
		39D4324A21E51AD700F62B31 /* MemberViewModel.swift */ = {isa = PBXFileReference; lastKnownFileType = sourcecode.swift; path = MemberViewModel.swift; sourceTree = "<group>"; };
		39DE6E4521E3CC70003F8A99 /* FirebaseDatabaseSessionMock.swift */ = {isa = PBXFileReference; lastKnownFileType = sourcecode.swift; path = FirebaseDatabaseSessionMock.swift; sourceTree = "<group>"; };
		39DE6E4721E3CE87003F8A99 /* FirebaseDatabaseTests.swift */ = {isa = PBXFileReference; lastKnownFileType = sourcecode.swift; path = FirebaseDatabaseTests.swift; sourceTree = "<group>"; };
		39DF57AF21E8A03700387A74 /* LoginRegistrationViewModel.swift */ = {isa = PBXFileReference; lastKnownFileType = sourcecode.swift; path = LoginRegistrationViewModel.swift; sourceTree = "<group>"; };
		39DF57B121E8BAD800387A74 /* LoginRegistrationViewTests.swift */ = {isa = PBXFileReference; lastKnownFileType = sourcecode.swift; path = LoginRegistrationViewTests.swift; sourceTree = "<group>"; };
		39DF57B421E8E1D400387A74 /* TermsAndConditionsViewModelTests.swift */ = {isa = PBXFileReference; lastKnownFileType = sourcecode.swift; path = TermsAndConditionsViewModelTests.swift; sourceTree = "<group>"; };
		39DF57B621E8E3B400387A74 /* TermsAndConditionsViewTests.swift */ = {isa = PBXFileReference; lastKnownFileType = sourcecode.swift; path = TermsAndConditionsViewTests.swift; sourceTree = "<group>"; };
		39DF57B821E8ED9400387A74 /* FirebaseAuthSession.swift */ = {isa = PBXFileReference; lastKnownFileType = sourcecode.swift; path = FirebaseAuthSession.swift; sourceTree = "<group>"; };
		39DF57BA21E8EDA700387A74 /* FirebaseAuthManager.swift */ = {isa = PBXFileReference; lastKnownFileType = sourcecode.swift; path = FirebaseAuthManager.swift; sourceTree = "<group>"; };
		39DF57BC21E8EDBA00387A74 /* FirebaseAuth+Util.swift */ = {isa = PBXFileReference; lastKnownFileType = sourcecode.swift; path = "FirebaseAuth+Util.swift"; sourceTree = "<group>"; };
		39EF83952219BBF700320075 /* FuneralContactViewModel.swift */ = {isa = PBXFileReference; lastKnownFileType = sourcecode.swift; path = FuneralContactViewModel.swift; sourceTree = "<group>"; };
		39EF83972219C64D00320075 /* FuneralContactsCell.swift */ = {isa = PBXFileReference; lastKnownFileType = sourcecode.swift; path = FuneralContactsCell.swift; sourceTree = "<group>"; };
		39EF83992219C8A200320075 /* FuneralContactsView+Delegate.swift */ = {isa = PBXFileReference; lastKnownFileType = sourcecode.swift; path = "FuneralContactsView+Delegate.swift"; sourceTree = "<group>"; };
		39F0DA1B21E634BB0073D047 /* LoginRegistrationController.swift */ = {isa = PBXFileReference; lastKnownFileType = sourcecode.swift; path = LoginRegistrationController.swift; sourceTree = "<group>"; };
		39F0DA1D21E634EA0073D047 /* LoginRegistrationView.swift */ = {isa = PBXFileReference; lastKnownFileType = sourcecode.swift; path = LoginRegistrationView.swift; sourceTree = "<group>"; };
		39F0DA1F21E640E80073D047 /* LoginRegistrationViewModel.swift */ = {isa = PBXFileReference; lastKnownFileType = sourcecode.swift; path = LoginRegistrationViewModel.swift; sourceTree = "<group>"; };
		39F4AD3B21F6098C00B17C63 /* LoginRegistrationView+AddingSubviews.swift */ = {isa = PBXFileReference; lastKnownFileType = sourcecode.swift; path = "LoginRegistrationView+AddingSubviews.swift"; sourceTree = "<group>"; };
		39F4AD3D21F624B600B17C63 /* PasswordResetController.swift */ = {isa = PBXFileReference; lastKnownFileType = sourcecode.swift; path = PasswordResetController.swift; sourceTree = "<group>"; };
		39F4AD4421F6260E00B17C63 /* PasswordResetView.swift */ = {isa = PBXFileReference; lastKnownFileType = sourcecode.swift; path = PasswordResetView.swift; sourceTree = "<group>"; };
		39F4AD4621F6291900B17C63 /* PasswordResetViewModel.swift */ = {isa = PBXFileReference; lastKnownFileType = sourcecode.swift; path = PasswordResetViewModel.swift; sourceTree = "<group>"; };
		39F4AD4A21F63DB100B17C63 /* PasswordResetController+Handlers.swift */ = {isa = PBXFileReference; lastKnownFileType = sourcecode.swift; path = "PasswordResetController+Handlers.swift"; sourceTree = "<group>"; };
		39F58233221C38D800D8C16A /* PrayerTimesViewModelTests.swift */ = {isa = PBXFileReference; lastKnownFileType = sourcecode.swift; path = PrayerTimesViewModelTests.swift; sourceTree = "<group>"; };
		39F58236221C3A3600D8C16A /* FuneralContactsViewModelTests.swift */ = {isa = PBXFileReference; lastKnownFileType = sourcecode.swift; path = FuneralContactsViewModelTests.swift; sourceTree = "<group>"; };
		39FFD97221FC702800EC4058 /* Member.swift */ = {isa = PBXFileReference; lastKnownFileType = sourcecode.swift; path = Member.swift; sourceTree = "<group>"; };
		39FFD97421FC776E00EC4058 /* SHMACardViewModel.swift */ = {isa = PBXFileReference; lastKnownFileType = sourcecode.swift; path = SHMACardViewModel.swift; sourceTree = "<group>"; };
		39FFD97621FC7C0900EC4058 /* Association.swift */ = {isa = PBXFileReference; lastKnownFileType = sourcecode.swift; path = Association.swift; sourceTree = "<group>"; };
		70BA31B67C1C4372261E5928 /* Pods-SHMATests.release.xcconfig */ = {isa = PBXFileReference; includeInIndex = 1; lastKnownFileType = text.xcconfig; name = "Pods-SHMATests.release.xcconfig"; path = "Pods/Target Support Files/Pods-SHMATests/Pods-SHMATests.release.xcconfig"; sourceTree = "<group>"; };
		89C246D7473E93BE65986D8B /* Pods_SHMA.framework */ = {isa = PBXFileReference; explicitFileType = wrapper.framework; includeInIndex = 0; path = Pods_SHMA.framework; sourceTree = BUILT_PRODUCTS_DIR; };
		D2BE74F767F502C4651E2B20 /* Pods-SHMA.debug.xcconfig */ = {isa = PBXFileReference; includeInIndex = 1; lastKnownFileType = text.xcconfig; name = "Pods-SHMA.debug.xcconfig"; path = "Pods/Target Support Files/Pods-SHMA/Pods-SHMA.debug.xcconfig"; sourceTree = "<group>"; };
		FE4ACB023881759142B150E6 /* Pods-SHMA.release.xcconfig */ = {isa = PBXFileReference; includeInIndex = 1; lastKnownFileType = text.xcconfig; name = "Pods-SHMA.release.xcconfig"; path = "Pods/Target Support Files/Pods-SHMA/Pods-SHMA.release.xcconfig"; sourceTree = "<group>"; };
/* End PBXFileReference section */

/* Begin PBXFrameworksBuildPhase section */
		393F4B6D21CBCBEF009B4239 /* Frameworks */ = {
			isa = PBXFrameworksBuildPhase;
			buildActionMask = 2147483647;
			files = (
				B267AD6D82B37C3B8804A0A8 /* Pods_SHMA.framework in Frameworks */,
			);
			runOnlyForDeploymentPostprocessing = 0;
		};
		393F4B8121CBCBEF009B4239 /* Frameworks */ = {
			isa = PBXFrameworksBuildPhase;
			buildActionMask = 2147483647;
			files = (
				C7A3A43F0AACA6C88D59CEDF /* Pods_SHMATests.framework in Frameworks */,
			);
			runOnlyForDeploymentPostprocessing = 0;
		};
/* End PBXFrameworksBuildPhase section */

/* Begin PBXGroup section */
		20DFC8D266C6C0E95F83BECB /* Pods */ = {
			isa = PBXGroup;
			children = (
				D2BE74F767F502C4651E2B20 /* Pods-SHMA.debug.xcconfig */,
				FE4ACB023881759142B150E6 /* Pods-SHMA.release.xcconfig */,
				00C3BDD08A119C325654006B /* Pods-SHMATests.debug.xcconfig */,
				70BA31B67C1C4372261E5928 /* Pods-SHMATests.release.xcconfig */,
			);
			name = Pods;
			sourceTree = "<group>";
		};
		3904DF292210976E0096BBFD /* GooglePlaces */ = {
			isa = PBXGroup;
			children = (
				3904DF2A221097850096BBFD /* GooglePlacesResponse.swift */,
				3904DF2C2210985A0096BBFD /* Place.swift */,
				3904DF2E221099BE0096BBFD /* Location.swift */,
				3904DF3022109A5C0096BBFD /* OpeningHours.swift */,
			);
			path = GooglePlaces;
			sourceTree = "<group>";
		};
		39063E5021E62B7000A020EE /* Member */ = {
			isa = PBXGroup;
			children = (
				39063E5121E62B9000A020EE /* MemberViewModelTests.swift */,
				39063E5321E62B9800A020EE /* MemberViewTests.swift */,
				39DF57AE21E8A01B00387A74 /* LoginRegistration */,
				3916E6202201E44A009CC9A2 /* Welcome */,
				3916E6272201FC59009CC9A2 /* Home */,
				39803D7922088E1D005458E1 /* Profile */,
				3908AEC52211EF1D0045E137 /* Business */,
				39F58235221C3A1F00D8C16A /* FuneralContacts */,
			);
			path = Member;
			sourceTree = "<group>";
		};
		39063E5721E6341E00A020EE /* Initial */ = {
			isa = PBXGroup;
			children = (
				393F4B7521CBCBEF009B4239 /* InitialController.swift */,
				39282A1221CE4184003E3AAA /* InitialController+Handlers.swift */,
			);
			path = Initial;
			sourceTree = "<group>";
		};
		39063E5921E6342E00A020EE /* Member */ = {
			isa = PBXGroup;
			children = (
				39282A0C21CE3D43003E3AAA /* MemberController.swift */,
				39063E5521E6334B00A020EE /* MemberController+Handlers.swift */,
				39F4AD3F21F624F200B17C63 /* LoginRegistration */,
				3912A66821F8802600357BF4 /* Welcome */,
				390E4DA121F773B7009BC363 /* MemberTabBarController.swift */,
				390E4D9E21F772C4009BC363 /* Home */,
				39803D7C2208B17C005458E1 /* Business */,
				390E4DA321F776F6009BC363 /* Profile */,
				399549672218AD430053F9F3 /* FuneralContacts */,
			);
			path = Member;
			sourceTree = "<group>";
		};
		3907927721EF7BDF00AD4539 /* Member */ = {
			isa = PBXGroup;
			children = (
				39D4324621E4FF2700F62B31 /* MemberView.swift */,
				3907927821EF7C0B00AD4539 /* LoginRegistration */,
				3912A66921F8803900357BF4 /* Welcome */,
				390E4DA621F78B74009BC363 /* Home */,
				397110BA220CAFCF004B9906 /* Business */,
				390E4DA721F78B80009BC363 /* Profile */,
				3995496A2218B1790053F9F3 /* FuneralContacts */,
			);
			path = Member;
			sourceTree = "<group>";
		};
		3907927821EF7C0B00AD4539 /* LoginRegistration */ = {
			isa = PBXGroup;
			children = (
				39F0DA1D21E634EA0073D047 /* LoginRegistrationView.swift */,
				39F4AD3B21F6098C00B17C63 /* LoginRegistrationView+AddingSubviews.swift */,
				3905913A21E766BE00F297AC /* LoginRegistrationView+Handlers.swift */,
				3907927E21EF7DFC00AD4539 /* LoginRegistrationView+Delegate.swift */,
				3907928021EF7E0600AD4539 /* LoginRegistrationView+Datasource.swift */,
				3907927C21EF7CE200AD4539 /* SpouseChildCell.swift */,
				3907928421EFC84400AD4539 /* AddSpouseChildCell.swift */,
				3907927921EF7C2200AD4539 /* TermsAndConditions */,
				39F4AD4221F625A500B17C63 /* PasswordReset */,
			);
			path = LoginRegistration;
			sourceTree = "<group>";
		};
		3907927921EF7C2200AD4539 /* TermsAndConditions */ = {
			isa = PBXGroup;
			children = (
				3905913E21E78D8E00F297AC /* TermsAndConditionsView.swift */,
				3905914221E793C500F297AC /* TermsAndConditionsView+Handlers.swift */,
			);
			path = TermsAndConditions;
			sourceTree = "<group>";
		};
		3908AEC52211EF1D0045E137 /* Business */ = {
			isa = PBXGroup;
			children = (
				39D03CCF2212E6FC002375B6 /* BusinessViewModelTests.swift */,
				39D03CD32212F884002375B6 /* BusinessViewTests.swift */,
			);
			path = Business;
			sourceTree = "<group>";
		};
		390E4D9E21F772C4009BC363 /* Home */ = {
			isa = PBXGroup;
			children = (
				390E4D9F21F772E1009BC363 /* HomeController.swift */,
				396B1CFD221B2F2E00E4FB44 /* HomeController+Handlers.swift */,
				396B1CEF221B05C500E4FB44 /* HomeController+Delegate.swift */,
			);
			path = Home;
			sourceTree = "<group>";
		};
		390E4DA321F776F6009BC363 /* Profile */ = {
			isa = PBXGroup;
			children = (
				390E4DA421F77706009BC363 /* ProfileController.swift */,
				393C8C1B2206151000FA7EB7 /* ProfileController+Delegate.swift */,
				393C8C1D2206152100FA7EB7 /* ProfileController+Datasource.swift */,
				393C8C192206130F00FA7EB7 /* ProfileController+Handlers.swift */,
			);
			path = Profile;
			sourceTree = "<group>";
		};
		390E4DA621F78B74009BC363 /* Home */ = {
			isa = PBXGroup;
			children = (
				390E4DA821F78B9E009BC363 /* SHMACardView.swift */,
				396B1CF5221B0FDB00E4FB44 /* PrayerTimesView.swift */,
				396B1CF7221B112500E4FB44 /* PrayerTimesView+Delegate.swift */,
				396B1CF9221B112C00E4FB44 /* PrayerTimesView+Datasource.swift */,
				396B1CFB221B117800E4FB44 /* PrayerTimesCell.swift */,
			);
			path = Home;
			sourceTree = "<group>";
		};
		390E4DA721F78B80009BC363 /* Profile */ = {
			isa = PBXGroup;
			children = (
				393C8C1F2206161700FA7EB7 /* ProfileCell.swift */,
				39803D77220882B9005458E1 /* ProfileFooter.swift */,
			);
			path = Profile;
			sourceTree = "<group>";
		};
		3912A66821F8802600357BF4 /* Welcome */ = {
			isa = PBXGroup;
			children = (
				3912A66421F8788600357BF4 /* WelcomeController.swift */,
			);
			path = Welcome;
			sourceTree = "<group>";
		};
		3912A66921F8803900357BF4 /* Welcome */ = {
			isa = PBXGroup;
			children = (
				3912A66621F878D600357BF4 /* WelcomeView.swift */,
				394F6CBB21FF2229000AB415 /* WelcomeView+Delegate.swift */,
				394F6CBD21FF223C000AB415 /* WelcomeView+Datasource.swift */,
				394F6CBF21FF2533000AB415 /* WelcomeViewCell.swift */,
			);
			path = Welcome;
			sourceTree = "<group>";
		};
		3916E6202201E44A009CC9A2 /* Welcome */ = {
			isa = PBXGroup;
			children = (
				3916E6252201F925009CC9A2 /* PageViewModelTests.swift */,
				3916E6232201EFC2009CC9A2 /* WelcomeViewModelTests.swift */,
				3916E6212201EFB9009CC9A2 /* WelcomeViewTests.swift */,
			);
			path = Welcome;
			sourceTree = "<group>";
		};
		3916E6272201FC59009CC9A2 /* Home */ = {
			isa = PBXGroup;
			children = (
				3916E6282201FC8C009CC9A2 /* SHMACardViewModelTests.swift */,
				39F58233221C38D800D8C16A /* PrayerTimesViewModelTests.swift */,
			);
			path = Home;
			sourceTree = "<group>";
		};
		393F4B6721CBCBEF009B4239 = {
			isa = PBXGroup;
			children = (
				393F4B7221CBCBEF009B4239 /* SHMA */,
				393F4B8721CBCBEF009B4239 /* SHMATests */,
				393F4B7121CBCBEF009B4239 /* Products */,
				20DFC8D266C6C0E95F83BECB /* Pods */,
				CD4EA83B1E20D75D76B1E9CE /* Frameworks */,
			);
			sourceTree = "<group>";
		};
		393F4B7121CBCBEF009B4239 /* Products */ = {
			isa = PBXGroup;
			children = (
				393F4B7021CBCBEF009B4239 /* SHMA.app */,
				393F4B8421CBCBEF009B4239 /* SHMATests.xctest */,
			);
			name = Products;
			sourceTree = "<group>";
		};
		393F4B7221CBCBEF009B4239 /* SHMA */ = {
			isa = PBXGroup;
			children = (
				393F4B7321CBCBEF009B4239 /* AppDelegate.swift */,
				394731E721DFDE0200DB9425 /* Helper */,
				394731DE21DFD91100DB9425 /* Session */,
				394731DF21DFD91800DB9425 /* Manager */,
				394731E021DFD91D00DB9425 /* Extension */,
				3952259921D0F0BB00FD411C /* Model */,
				3952259A21D0F0CC00FD411C /* View */,
				3952259B21D0F0D200FD411C /* ViewModel */,
				3952259C21D0F10600FD411C /* Controller */,
				393F4B7A21CBCBEF009B4239 /* Assets.xcassets */,
				393F4B7C21CBCBEF009B4239 /* LaunchScreen.storyboard */,
				393F4B7F21CBCBEF009B4239 /* Info.plist */,
				394731DC21DFCB3900DB9425 /* GoogleService-Info.plist */,
				3905914A21E79C6D00F297AC /* Terms&Conditionsv8.pdf */,
			);
			path = SHMA;
			sourceTree = "<group>";
		};
		393F4B8721CBCBEF009B4239 /* SHMATests */ = {
			isa = PBXGroup;
			children = (
				39D03CD722130E35002375B6 /* Network */,
				394DE9CD21E8F6290003AC46 /* FirebaseAuthentication */,
				39DE6E4321E3CC5E003F8A99 /* FirebaseDatabase */,
				39DF0CFA21D51EEE0099D631 /* Initial */,
				39063E5021E62B7000A020EE /* Member */,
				393F4B8A21CBCBEF009B4239 /* Info.plist */,
				39D4324321E4B3DF00F62B31 /* ReachabilityTests.swift */,
			);
			path = SHMATests;
			sourceTree = "<group>";
		};
		39444B6B21F1D41200BF6FA9 /* Initial */ = {
			isa = PBXGroup;
			children = (
				39282A1421CE49AD003E3AAA /* InitialView.swift */,
			);
			path = Initial;
			sourceTree = "<group>";
		};
		394731DE21DFD91100DB9425 /* Session */ = {
			isa = PBXGroup;
			children = (
				39DF57B821E8ED9400387A74 /* FirebaseAuthSession.swift */,
				394731E121DFD94E00DB9425 /* FirebaseDatabaseSession.swift */,
				3904DF3222109D620096BBFD /* NetworkSession.swift */,
			);
			path = Session;
			sourceTree = "<group>";
		};
		394731DF21DFD91800DB9425 /* Manager */ = {
			isa = PBXGroup;
			children = (
				39DF57BA21E8EDA700387A74 /* FirebaseAuthManager.swift */,
				394731E321DFDADD00DB9425 /* FirebaseDatabaseManager.swift */,
				3904DF3422109E100096BBFD /* NetworkManager.swift */,
			);
			path = Manager;
			sourceTree = "<group>";
		};
		394731E021DFD91D00DB9425 /* Extension */ = {
			isa = PBXGroup;
			children = (
				393F4B9421CBD26C009B4239 /* General.swift */,
				39DF57BC21E8EDBA00387A74 /* FirebaseAuth+Util.swift */,
				390E4D9A21F73F97009BC363 /* AuthErrorCode+Util.swift */,
				394731E521DFDB9F00DB9425 /* FirebaseDatabase+Util.swift */,
				3904DF3622109E840096BBFD /* URLSession+Util.swift */,
			);
			path = Extension;
			sourceTree = "<group>";
		};
		394731E721DFDE0200DB9425 /* Helper */ = {
			isa = PBXGroup;
			children = (
				394731E821DFDE0B00DB9425 /* Reachability.swift */,
				3908AEC32211DE1C0045E137 /* ImageClient.swift */,
			);
			path = Helper;
			sourceTree = "<group>";
		};
		394DE9CD21E8F6290003AC46 /* FirebaseAuthentication */ = {
			isa = PBXGroup;
			children = (
				394DE9CE21E8F64F0003AC46 /* FirebaseAuthSessionMock.swift */,
				394DE9D021E8F6CE0003AC46 /* FirebaseAuthTests.swift */,
				390E4D9C21F76362009BC363 /* FirebaseAuthErrorTests.swift */,
			);
			path = FirebaseAuthentication;
			sourceTree = "<group>";
		};
		3952259921D0F0BB00FD411C /* Model */ = {
			isa = PBXGroup;
			children = (
				3907928221EF9D4F00AD4539 /* Family.swift */,
				39FFD97221FC702800EC4058 /* Member.swift */,
				39FFD97621FC7C0900EC4058 /* Association.swift */,
				3995496F2218B47B0053F9F3 /* FuneralContact.swift */,
				394F6CB921FF20A9000AB415 /* Page.swift */,
				390232872210224200E205B8 /* Business.swift */,
				3904DF292210976E0096BBFD /* GooglePlaces */,
				396B1CE6221AFCD800E4FB44 /* PrayerTimes */,
			);
			path = Model;
			sourceTree = "<group>";
		};
		3952259A21D0F0CC00FD411C /* View */ = {
			isa = PBXGroup;
			children = (
				39444B6B21F1D41200BF6FA9 /* Initial */,
				3907927721EF7BDF00AD4539 /* Member */,
			);
			path = View;
			sourceTree = "<group>";
		};
		3952259B21D0F0D200FD411C /* ViewModel */ = {
			isa = PBXGroup;
			children = (
				39282A1021CE4174003E3AAA /* InitialViewModel.swift */,
				394C71D921D3786E00BF9D0D /* CorporateViewModel.swift */,
				39D4324A21E51AD700F62B31 /* MemberViewModel.swift */,
				39F0DA1F21E640E80073D047 /* LoginRegistrationViewModel.swift */,
				3905914C21E7C30000F297AC /* TermsAndConditionsViewModel.swift */,
				39F4AD4621F6291900B17C63 /* PasswordResetViewModel.swift */,
				3912A66A21F8861F00357BF4 /* WelcomeViewModel.swift */,
				394F6CB721FF2038000AB415 /* PageViewModel.swift */,
				39FFD97421FC776E00EC4058 /* SHMACardViewModel.swift */,
				396B1CFF221B302700E4FB44 /* PrayerTimesViewModel.swift */,
				39803D7522087DC4005458E1 /* ProfileViewModel.swift */,
				390CDB52220F7FDC00920041 /* BusinessViewModel.swift */,
				39EF83952219BBF700320075 /* FuneralContactViewModel.swift */,
			);
			path = ViewModel;
			sourceTree = "<group>";
		};
		3952259C21D0F10600FD411C /* Controller */ = {
			isa = PBXGroup;
			children = (
				39063E5721E6341E00A020EE /* Initial */,
				39063E5921E6342E00A020EE /* Member */,
			);
			path = Controller;
			sourceTree = "<group>";
		};
		396B1CE6221AFCD800E4FB44 /* PrayerTimes */ = {
			isa = PBXGroup;
			children = (
				396B1CE7221AFD1A00E4FB44 /* PrayerTimesResponse.swift */,
				396B1CE9221AFD8400E4FB44 /* PrayerData.swift */,
				396B1CEB221AFE3200E4FB44 /* Timings.swift */,
				396B1CF1221B0EC800E4FB44 /* PrayerDate.swift */,
				396B1CF3221B0F3C00E4FB44 /* Hijri.swift */,
			);
			path = PrayerTimes;
			sourceTree = "<group>";
		};
		396C425A21F66C0C00307022 /* PasswordReset */ = {
			isa = PBXGroup;
			children = (
				396C425B21F66C2C00307022 /* PasswordResetViewModelTests.swift */,
				396C425D21F66C3E00307022 /* PasswordResetViewTests.swift */,
			);
			path = PasswordReset;
			sourceTree = "<group>";
		};
		397110BA220CAFCF004B9906 /* Business */ = {
			isa = PBXGroup;
			children = (
				397110BB220CAFEE004B9906 /* BusinessView.swift */,
				390232812210211600E205B8 /* BusinessView+Delegate.swift */,
				390232832210212100E205B8 /* BusinessView+Datasource.swift */,
				390232852210219B00E205B8 /* BusinessCell.swift */,
				3908AEC82211F1930045E137 /* BusinessDetailView.swift */,
				3908AECA2211F1C90045E137 /* BusinessDetailView+Delegate.swift */,
				3908AECC2211F1D30045E137 /* BusinessDetailView+Datasource.swift */,
				3908AED22212177B0045E137 /* BusinessDetailHeader.swift */,
			);
			path = Business;
			sourceTree = "<group>";
		};
		39803D7922088E1D005458E1 /* Profile */ = {
			isa = PBXGroup;
			children = (
				39803D7A22088E53005458E1 /* ProfileViewModelTests.swift */,
				39D03CD522130AB3002375B6 /* ProfileFooterTests.swift */,
			);
			path = Profile;
			sourceTree = "<group>";
		};
		39803D7C2208B17C005458E1 /* Business */ = {
			isa = PBXGroup;
			children = (
				39803D7D2208B1AB005458E1 /* BusinessController.swift */,
				3908AECE2211F3370045E137 /* BusinessController+Delegate.swift */,
				3908AEC62211F0E80045E137 /* BusinessDetailController.swift */,
				3908AED422121D930045E137 /* BusinessDetailController+Delegate.swift */,
			);
			path = Business;
			sourceTree = "<group>";
		};
		399549672218AD430053F9F3 /* FuneralContacts */ = {
			isa = PBXGroup;
			children = (
				399549682218AD6F0053F9F3 /* FuneralContactsController.swift */,
			);
			path = FuneralContacts;
			sourceTree = "<group>";
		};
		3995496A2218B1790053F9F3 /* FuneralContacts */ = {
			isa = PBXGroup;
			children = (
				3995496B2218B1D70053F9F3 /* FuneralContactsView.swift */,
				39EF83992219C8A200320075 /* FuneralContactsView+Delegate.swift */,
				3995496D2218B22F0053F9F3 /* FuneralContactsView+Datasource.swift */,
				39EF83972219C64D00320075 /* FuneralContactsCell.swift */,
			);
			path = FuneralContacts;
			sourceTree = "<group>";
		};
		39D03CD722130E35002375B6 /* Network */ = {
			isa = PBXGroup;
			children = (
				39D03CD822130E43002375B6 /* NetworkSessionMock.swift */,
				39D03CDA22130EAD002375B6 /* NetworkManagerTests.swift */,
			);
			path = Network;
			sourceTree = "<group>";
		};
		39DE6E4321E3CC5E003F8A99 /* FirebaseDatabase */ = {
			isa = PBXGroup;
			children = (
				39DE6E4521E3CC70003F8A99 /* FirebaseDatabaseSessionMock.swift */,
				39DE6E4721E3CE87003F8A99 /* FirebaseDatabaseTests.swift */,
			);
			path = FirebaseDatabase;
			sourceTree = "<group>";
		};
		39DF0CFA21D51EEE0099D631 /* Initial */ = {
			isa = PBXGroup;
			children = (
				393F4B8821CBCBEF009B4239 /* InitialViewModelTests.swift */,
				3911952221D267E5005D481C /* InitialViewTests.swift */,
			);
			path = Initial;
			sourceTree = "<group>";
		};
		39DF57AE21E8A01B00387A74 /* LoginRegistration */ = {
			isa = PBXGroup;
			children = (
				39DF57AF21E8A03700387A74 /* LoginRegistrationViewModel.swift */,
				39DF57B121E8BAD800387A74 /* LoginRegistrationViewTests.swift */,
				39DF57B321E8E1A900387A74 /* TermsAndConditions */,
				396C425A21F66C0C00307022 /* PasswordReset */,
			);
			path = LoginRegistration;
			sourceTree = "<group>";
		};
		39DF57B321E8E1A900387A74 /* TermsAndConditions */ = {
			isa = PBXGroup;
			children = (
				39DF57B421E8E1D400387A74 /* TermsAndConditionsViewModelTests.swift */,
				39DF57B621E8E3B400387A74 /* TermsAndConditionsViewTests.swift */,
			);
			path = TermsAndConditions;
			sourceTree = "<group>";
		};
		39F4AD3F21F624F200B17C63 /* LoginRegistration */ = {
			isa = PBXGroup;
			children = (
				39F0DA1B21E634BB0073D047 /* LoginRegistrationController.swift */,
				3905913C21E780CB00F297AC /* LoginRegistrationController+Handlers.swift */,
				39BD10B021F2780400A3ADD9 /* LoginRegistrationController+Delegate.swift */,
				39F4AD4021F624FE00B17C63 /* TermsAndConditions */,
				39F4AD4121F6256000B17C63 /* PasswordReset */,
			);
			path = LoginRegistration;
			sourceTree = "<group>";
		};
		39F4AD4021F624FE00B17C63 /* TermsAndConditions */ = {
			isa = PBXGroup;
			children = (
				3905914021E7920D00F297AC /* TermsAndConditionsController.swift */,
				3905914821E798C800F297AC /* TermsAndConditionsController+Handlers.swift */,
			);
			path = TermsAndConditions;
			sourceTree = "<group>";
		};
		39F4AD4121F6256000B17C63 /* PasswordReset */ = {
			isa = PBXGroup;
			children = (
				39F4AD3D21F624B600B17C63 /* PasswordResetController.swift */,
				39F4AD4A21F63DB100B17C63 /* PasswordResetController+Handlers.swift */,
			);
			path = PasswordReset;
			sourceTree = "<group>";
		};
		39F4AD4221F625A500B17C63 /* PasswordReset */ = {
			isa = PBXGroup;
			children = (
				39F4AD4421F6260E00B17C63 /* PasswordResetView.swift */,
			);
			path = PasswordReset;
			sourceTree = "<group>";
		};
		39F58235221C3A1F00D8C16A /* FuneralContacts */ = {
			isa = PBXGroup;
			children = (
				39F58236221C3A3600D8C16A /* FuneralContactsViewModelTests.swift */,
			);
			path = FuneralContacts;
			sourceTree = "<group>";
		};
		CD4EA83B1E20D75D76B1E9CE /* Frameworks */ = {
			isa = PBXGroup;
			children = (
				89C246D7473E93BE65986D8B /* Pods_SHMA.framework */,
				32D91D397A0595FDFFC2A45D /* Pods_SHMATests.framework */,
			);
			name = Frameworks;
			sourceTree = "<group>";
		};
/* End PBXGroup section */

/* Begin PBXNativeTarget section */
		393F4B6F21CBCBEF009B4239 /* SHMA */ = {
			isa = PBXNativeTarget;
			buildConfigurationList = 393F4B8D21CBCBEF009B4239 /* Build configuration list for PBXNativeTarget "SHMA" */;
			buildPhases = (
				070E19DCBBE3618A5CCD2BDD /* [CP] Check Pods Manifest.lock */,
				393F4B6C21CBCBEF009B4239 /* Sources */,
				393F4B6D21CBCBEF009B4239 /* Frameworks */,
				393F4B6E21CBCBEF009B4239 /* Resources */,
				6D201A5F009939E9B3F0D8F4 /* [CP] Embed Pods Frameworks */,
			);
			buildRules = (
			);
			dependencies = (
			);
			name = SHMA;
			productName = SHMA;
			productReference = 393F4B7021CBCBEF009B4239 /* SHMA.app */;
			productType = "com.apple.product-type.application";
		};
		393F4B8321CBCBEF009B4239 /* SHMATests */ = {
			isa = PBXNativeTarget;
			buildConfigurationList = 393F4B9021CBCBEF009B4239 /* Build configuration list for PBXNativeTarget "SHMATests" */;
			buildPhases = (
				8892FB97F467DC608DB12B1B /* [CP] Check Pods Manifest.lock */,
				393F4B8021CBCBEF009B4239 /* Sources */,
				393F4B8121CBCBEF009B4239 /* Frameworks */,
				393F4B8221CBCBEF009B4239 /* Resources */,
			);
			buildRules = (
			);
			dependencies = (
				393F4B8621CBCBEF009B4239 /* PBXTargetDependency */,
			);
			name = SHMATests;
			productName = SHMATests;
			productReference = 393F4B8421CBCBEF009B4239 /* SHMATests.xctest */;
			productType = "com.apple.product-type.bundle.unit-test";
		};
/* End PBXNativeTarget section */

/* Begin PBXProject section */
		393F4B6821CBCBEF009B4239 /* Project object */ = {
			isa = PBXProject;
			attributes = {
				LastSwiftUpdateCheck = 1010;
				LastUpgradeCheck = 1010;
				ORGANIZATIONNAME = SurreyHeathMuslimAssociation;
				TargetAttributes = {
					393F4B6F21CBCBEF009B4239 = {
						CreatedOnToolsVersion = 10.1;
						LastSwiftMigration = 1020;
					};
					393F4B8321CBCBEF009B4239 = {
						CreatedOnToolsVersion = 10.1;
						LastSwiftMigration = 1020;
						TestTargetID = 393F4B6F21CBCBEF009B4239;
					};
				};
			};
			buildConfigurationList = 393F4B6B21CBCBEF009B4239 /* Build configuration list for PBXProject "SHMA" */;
			compatibilityVersion = "Xcode 9.3";
			developmentRegion = en;
			hasScannedForEncodings = 0;
			knownRegions = (
				en,
				Base,
			);
			mainGroup = 393F4B6721CBCBEF009B4239;
			productRefGroup = 393F4B7121CBCBEF009B4239 /* Products */;
			projectDirPath = "";
			projectRoot = "";
			targets = (
				393F4B6F21CBCBEF009B4239 /* SHMA */,
				393F4B8321CBCBEF009B4239 /* SHMATests */,
			);
		};
/* End PBXProject section */

/* Begin PBXResourcesBuildPhase section */
		393F4B6E21CBCBEF009B4239 /* Resources */ = {
			isa = PBXResourcesBuildPhase;
			buildActionMask = 2147483647;
			files = (
				393F4B7E21CBCBEF009B4239 /* LaunchScreen.storyboard in Resources */,
				393F4B7B21CBCBEF009B4239 /* Assets.xcassets in Resources */,
				394731DD21DFCB3900DB9425 /* GoogleService-Info.plist in Resources */,
				3905914B21E79C6D00F297AC /* Terms&Conditionsv8.pdf in Resources */,
			);
			runOnlyForDeploymentPostprocessing = 0;
		};
		393F4B8221CBCBEF009B4239 /* Resources */ = {
			isa = PBXResourcesBuildPhase;
			buildActionMask = 2147483647;
			files = (
			);
			runOnlyForDeploymentPostprocessing = 0;
		};
/* End PBXResourcesBuildPhase section */

/* Begin PBXShellScriptBuildPhase section */
		070E19DCBBE3618A5CCD2BDD /* [CP] Check Pods Manifest.lock */ = {
			isa = PBXShellScriptBuildPhase;
			buildActionMask = 2147483647;
			files = (
			);
			inputFileListPaths = (
			);
			inputPaths = (
				"${PODS_PODFILE_DIR_PATH}/Podfile.lock",
				"${PODS_ROOT}/Manifest.lock",
			);
			name = "[CP] Check Pods Manifest.lock";
			outputFileListPaths = (
			);
			outputPaths = (
				"$(DERIVED_FILE_DIR)/Pods-SHMA-checkManifestLockResult.txt",
			);
			runOnlyForDeploymentPostprocessing = 0;
			shellPath = /bin/sh;
			shellScript = "diff \"${PODS_PODFILE_DIR_PATH}/Podfile.lock\" \"${PODS_ROOT}/Manifest.lock\" > /dev/null\nif [ $? != 0 ] ; then\n    # print error to STDERR\n    echo \"error: The sandbox is not in sync with the Podfile.lock. Run 'pod install' or update your CocoaPods installation.\" >&2\n    exit 1\nfi\n# This output is used by Xcode 'outputs' to avoid re-running this script phase.\necho \"SUCCESS\" > \"${SCRIPT_OUTPUT_FILE_0}\"\n";
			showEnvVarsInLog = 0;
		};
		6D201A5F009939E9B3F0D8F4 /* [CP] Embed Pods Frameworks */ = {
			isa = PBXShellScriptBuildPhase;
			buildActionMask = 2147483647;
			files = (
			);
			inputFileListPaths = (
			);
			inputPaths = (
				"${SRCROOT}/Pods/Target Support Files/Pods-SHMA/Pods-SHMA-frameworks.sh",
				"${BUILT_PRODUCTS_DIR}/GTMSessionFetcher/GTMSessionFetcher.framework",
				"${BUILT_PRODUCTS_DIR}/GoogleUtilities/GoogleUtilities.framework",
				"${BUILT_PRODUCTS_DIR}/MarqueeLabel/MarqueeLabel.framework",
				"${BUILT_PRODUCTS_DIR}/NotificationBannerSwift/NotificationBannerSwift.framework",
				"${BUILT_PRODUCTS_DIR}/Protobuf/Protobuf.framework",
				"${BUILT_PRODUCTS_DIR}/SnapKit/SnapKit.framework",
				"${BUILT_PRODUCTS_DIR}/leveldb-library/leveldb.framework",
				"${BUILT_PRODUCTS_DIR}/nanopb/nanopb.framework",
			);
			name = "[CP] Embed Pods Frameworks";
			outputFileListPaths = (
			);
			outputPaths = (
				"${TARGET_BUILD_DIR}/${FRAMEWORKS_FOLDER_PATH}/GTMSessionFetcher.framework",
				"${TARGET_BUILD_DIR}/${FRAMEWORKS_FOLDER_PATH}/GoogleUtilities.framework",
				"${TARGET_BUILD_DIR}/${FRAMEWORKS_FOLDER_PATH}/MarqueeLabel.framework",
				"${TARGET_BUILD_DIR}/${FRAMEWORKS_FOLDER_PATH}/NotificationBannerSwift.framework",
				"${TARGET_BUILD_DIR}/${FRAMEWORKS_FOLDER_PATH}/Protobuf.framework",
				"${TARGET_BUILD_DIR}/${FRAMEWORKS_FOLDER_PATH}/SnapKit.framework",
				"${TARGET_BUILD_DIR}/${FRAMEWORKS_FOLDER_PATH}/leveldb.framework",
				"${TARGET_BUILD_DIR}/${FRAMEWORKS_FOLDER_PATH}/nanopb.framework",
			);
			runOnlyForDeploymentPostprocessing = 0;
			shellPath = /bin/sh;
			shellScript = "\"${SRCROOT}/Pods/Target Support Files/Pods-SHMA/Pods-SHMA-frameworks.sh\"\n";
			showEnvVarsInLog = 0;
		};
		8892FB97F467DC608DB12B1B /* [CP] Check Pods Manifest.lock */ = {
			isa = PBXShellScriptBuildPhase;
			buildActionMask = 2147483647;
			files = (
			);
			inputFileListPaths = (
			);
			inputPaths = (
				"${PODS_PODFILE_DIR_PATH}/Podfile.lock",
				"${PODS_ROOT}/Manifest.lock",
			);
			name = "[CP] Check Pods Manifest.lock";
			outputFileListPaths = (
			);
			outputPaths = (
				"$(DERIVED_FILE_DIR)/Pods-SHMATests-checkManifestLockResult.txt",
			);
			runOnlyForDeploymentPostprocessing = 0;
			shellPath = /bin/sh;
			shellScript = "diff \"${PODS_PODFILE_DIR_PATH}/Podfile.lock\" \"${PODS_ROOT}/Manifest.lock\" > /dev/null\nif [ $? != 0 ] ; then\n    # print error to STDERR\n    echo \"error: The sandbox is not in sync with the Podfile.lock. Run 'pod install' or update your CocoaPods installation.\" >&2\n    exit 1\nfi\n# This output is used by Xcode 'outputs' to avoid re-running this script phase.\necho \"SUCCESS\" > \"${SCRIPT_OUTPUT_FILE_0}\"\n";
			showEnvVarsInLog = 0;
		};
/* End PBXShellScriptBuildPhase section */

/* Begin PBXSourcesBuildPhase section */
		393F4B6C21CBCBEF009B4239 /* Sources */ = {
			isa = PBXSourcesBuildPhase;
			buildActionMask = 2147483647;
			files = (
				394F6CB821FF2038000AB415 /* PageViewModel.swift in Sources */,
				390232822210211600E205B8 /* BusinessView+Delegate.swift in Sources */,
				3907927F21EF7DFC00AD4539 /* LoginRegistrationView+Delegate.swift in Sources */,
				3904DF2D2210985A0096BBFD /* Place.swift in Sources */,
				396B1D00221B302700E4FB44 /* PrayerTimesViewModel.swift in Sources */,
				3907928121EF7E0600AD4539 /* LoginRegistrationView+Datasource.swift in Sources */,
				393F4B7621CBCBEF009B4239 /* InitialController.swift in Sources */,
				39F0DA1E21E634EA0073D047 /* LoginRegistrationView.swift in Sources */,
				3904DF2F221099BE0096BBFD /* Location.swift in Sources */,
				3905914121E7920D00F297AC /* TermsAndConditionsController.swift in Sources */,
				393C8C202206161700FA7EB7 /* ProfileCell.swift in Sources */,
				390E4DA221F773B7009BC363 /* MemberTabBarController.swift in Sources */,
				399549702218B47B0053F9F3 /* FuneralContact.swift in Sources */,
				3908AEC92211F1930045E137 /* BusinessDetailView.swift in Sources */,
				3905913F21E78D8E00F297AC /* TermsAndConditionsView.swift in Sources */,
				3904DF3722109E840096BBFD /* URLSession+Util.swift in Sources */,
				3905914D21E7C30000F297AC /* TermsAndConditionsViewModel.swift in Sources */,
				394F6CC021FF2533000AB415 /* WelcomeViewCell.swift in Sources */,
				3904DF3322109D620096BBFD /* NetworkSession.swift in Sources */,
				394731E621DFDB9F00DB9425 /* FirebaseDatabase+Util.swift in Sources */,
				3908AECD2211F1D30045E137 /* BusinessDetailView+Datasource.swift in Sources */,
				3908AED32212177B0045E137 /* BusinessDetailHeader.swift in Sources */,
				3995496E2218B22F0053F9F3 /* FuneralContactsView+Datasource.swift in Sources */,
				39282A1521CE49AD003E3AAA /* InitialView.swift in Sources */,
				394731E421DFDADD00DB9425 /* FirebaseDatabaseManager.swift in Sources */,
				39803D7622087DC4005458E1 /* ProfileViewModel.swift in Sources */,
				397110BC220CAFEE004B9906 /* BusinessView.swift in Sources */,
				39282A0D21CE3D43003E3AAA /* MemberController.swift in Sources */,
				39803D78220882B9005458E1 /* ProfileFooter.swift in Sources */,
				396B1CF0221B05C500E4FB44 /* HomeController+Delegate.swift in Sources */,
				393F4B7421CBCBEF009B4239 /* AppDelegate.swift in Sources */,
				39F0DA2021E640E80073D047 /* LoginRegistrationViewModel.swift in Sources */,
				390E4DA021F772E1009BC363 /* HomeController.swift in Sources */,
				39D4324B21E51AD700F62B31 /* MemberViewModel.swift in Sources */,
				394731E921DFDE0B00DB9425 /* Reachability.swift in Sources */,
				396B1CFA221B112C00E4FB44 /* PrayerTimesView+Datasource.swift in Sources */,
				396B1CFC221B117800E4FB44 /* PrayerTimesCell.swift in Sources */,
				394F6CBE21FF223C000AB415 /* WelcomeView+Datasource.swift in Sources */,
				39803D7E2208B1AB005458E1 /* BusinessController.swift in Sources */,
				399549692218AD6F0053F9F3 /* FuneralContactsController.swift in Sources */,
				39063E5621E6334B00A020EE /* MemberController+Handlers.swift in Sources */,
				390E4DA521F77706009BC363 /* ProfileController.swift in Sources */,
				3908AEC72211F0E80045E137 /* BusinessDetailController.swift in Sources */,
				39F4AD3E21F624B600B17C63 /* PasswordResetController.swift in Sources */,
				3912A66521F8788600357BF4 /* WelcomeController.swift in Sources */,
				3904DF3122109A5C0096BBFD /* OpeningHours.swift in Sources */,
				394F6CBC21FF2229000AB415 /* WelcomeView+Delegate.swift in Sources */,
				394731E221DFD94E00DB9425 /* FirebaseDatabaseSession.swift in Sources */,
				39DF57BD21E8EDBA00387A74 /* FirebaseAuth+Util.swift in Sources */,
				390232842210212100E205B8 /* BusinessView+Datasource.swift in Sources */,
				3912A66B21F8861F00357BF4 /* WelcomeViewModel.swift in Sources */,
				39282A1321CE4184003E3AAA /* InitialController+Handlers.swift in Sources */,
				396B1CE8221AFD1A00E4FB44 /* PrayerTimesResponse.swift in Sources */,
				3904DF3522109E100096BBFD /* NetworkManager.swift in Sources */,
				3905914921E798C800F297AC /* TermsAndConditionsController+Handlers.swift in Sources */,
				390E4D9B21F73F97009BC363 /* AuthErrorCode+Util.swift in Sources */,
				390E4DA921F78B9E009BC363 /* SHMACardView.swift in Sources */,
				396B1CF4221B0F3C00E4FB44 /* Hijri.swift in Sources */,
				3905914321E793C500F297AC /* TermsAndConditionsView+Handlers.swift in Sources */,
				39F4AD4B21F63DB100B17C63 /* PasswordResetController+Handlers.swift in Sources */,
				396B1CF6221B0FDB00E4FB44 /* PrayerTimesView.swift in Sources */,
				393C8C1A2206130F00FA7EB7 /* ProfileController+Handlers.swift in Sources */,
				39F4AD4521F6260E00B17C63 /* PasswordResetView.swift in Sources */,
				3905913D21E780CB00F297AC /* LoginRegistrationController+Handlers.swift in Sources */,
				39F0DA1C21E634BB0073D047 /* LoginRegistrationController.swift in Sources */,
				393C8C1C2206151000FA7EB7 /* ProfileController+Delegate.swift in Sources */,
				39FFD97321FC702800EC4058 /* Member.swift in Sources */,
				39DF57B921E8ED9400387A74 /* FirebaseAuthSession.swift in Sources */,
				393F4B9521CBD26C009B4239 /* General.swift in Sources */,
				3908AED522121D930045E137 /* BusinessDetailController+Delegate.swift in Sources */,
				39DF57BB21E8EDA700387A74 /* FirebaseAuthManager.swift in Sources */,
				394C71DA21D3786E00BF9D0D /* CorporateViewModel.swift in Sources */,
				3907928321EF9D4F00AD4539 /* Family.swift in Sources */,
				3995496C2218B1D70053F9F3 /* FuneralContactsView.swift in Sources */,
				39F4AD3C21F6098C00B17C63 /* LoginRegistrationView+AddingSubviews.swift in Sources */,
				3905913B21E766BE00F297AC /* LoginRegistrationView+Handlers.swift in Sources */,
				396B1CFE221B2F2E00E4FB44 /* HomeController+Handlers.swift in Sources */,
				390CDB53220F7FDC00920041 /* BusinessViewModel.swift in Sources */,
				39BD10B121F2780400A3ADD9 /* LoginRegistrationController+Delegate.swift in Sources */,
				39EF83962219BBF700320075 /* FuneralContactViewModel.swift in Sources */,
				39FFD97521FC776E00EC4058 /* SHMACardViewModel.swift in Sources */,
				3904DF2B221097850096BBFD /* GooglePlacesResponse.swift in Sources */,
				3908AECF2211F3370045E137 /* BusinessController+Delegate.swift in Sources */,
				396B1CF2221B0EC800E4FB44 /* PrayerDate.swift in Sources */,
				390232862210219B00E205B8 /* BusinessCell.swift in Sources */,
				39282A1121CE4174003E3AAA /* InitialViewModel.swift in Sources */,
				396B1CEC221AFE3200E4FB44 /* Timings.swift in Sources */,
				3907928521EFC84400AD4539 /* AddSpouseChildCell.swift in Sources */,
				393C8C1E2206152100FA7EB7 /* ProfileController+Datasource.swift in Sources */,
				3912A66721F878D600357BF4 /* WelcomeView.swift in Sources */,
				3907927D21EF7CE200AD4539 /* SpouseChildCell.swift in Sources */,
				39D4324721E4FF2700F62B31 /* MemberView.swift in Sources */,
				39FFD97721FC7C0900EC4058 /* Association.swift in Sources */,
				394F6CBA21FF20A9000AB415 /* Page.swift in Sources */,
				396B1CEA221AFD8400E4FB44 /* PrayerData.swift in Sources */,
				390232882210224200E205B8 /* Business.swift in Sources */,
				39EF839A2219C8A200320075 /* FuneralContactsView+Delegate.swift in Sources */,
				39EF83982219C64D00320075 /* FuneralContactsCell.swift in Sources */,
				3908AEC42211DE1C0045E137 /* ImageClient.swift in Sources */,
				396B1CF8221B112500E4FB44 /* PrayerTimesView+Delegate.swift in Sources */,
				39F4AD4721F6291900B17C63 /* PasswordResetViewModel.swift in Sources */,
				3908AECB2211F1C90045E137 /* BusinessDetailView+Delegate.swift in Sources */,
			);
			runOnlyForDeploymentPostprocessing = 0;
		};
		393F4B8021CBCBEF009B4239 /* Sources */ = {
			isa = PBXSourcesBuildPhase;
			buildActionMask = 2147483647;
			files = (
				39D03CD622130AB3002375B6 /* ProfileFooterTests.swift in Sources */,
				39DF57B521E8E1D400387A74 /* TermsAndConditionsViewModelTests.swift in Sources */,
				39D03CD42212F884002375B6 /* BusinessViewTests.swift in Sources */,
				3916E6292201FC8C009CC9A2 /* SHMACardViewModelTests.swift in Sources */,
				39D03CDB22130EAD002375B6 /* NetworkManagerTests.swift in Sources */,
				39F58237221C3A3600D8C16A /* FuneralContactsViewModelTests.swift in Sources */,
				39DF57B021E8A03700387A74 /* LoginRegistrationViewModel.swift in Sources */,
				394DE9D121E8F6CE0003AC46 /* FirebaseAuthTests.swift in Sources */,
				396C425C21F66C2C00307022 /* PasswordResetViewModelTests.swift in Sources */,
				394DE9CF21E8F64F0003AC46 /* FirebaseAuthSessionMock.swift in Sources */,
				396C425E21F66C3E00307022 /* PasswordResetViewTests.swift in Sources */,
				393F4B8921CBCBEF009B4239 /* InitialViewModelTests.swift in Sources */,
				39D03CD02212E6FC002375B6 /* BusinessViewModelTests.swift in Sources */,
				3916E6242201EFC2009CC9A2 /* WelcomeViewModelTests.swift in Sources */,
				39DF57B721E8E3B400387A74 /* TermsAndConditionsViewTests.swift in Sources */,
				39803D7B22088E53005458E1 /* ProfileViewModelTests.swift in Sources */,
				39DE6E4821E3CE87003F8A99 /* FirebaseDatabaseTests.swift in Sources */,
				390E4D9D21F76362009BC363 /* FirebaseAuthErrorTests.swift in Sources */,
				39DF57B221E8BAD800387A74 /* LoginRegistrationViewTests.swift in Sources */,
				3916E6222201EFB9009CC9A2 /* WelcomeViewTests.swift in Sources */,
				39063E5421E62B9800A020EE /* MemberViewTests.swift in Sources */,
				39063E5221E62B9000A020EE /* MemberViewModelTests.swift in Sources */,
				39D03CD922130E43002375B6 /* NetworkSessionMock.swift in Sources */,
				39D4324421E4B3DF00F62B31 /* ReachabilityTests.swift in Sources */,
				3916E6262201F925009CC9A2 /* PageViewModelTests.swift in Sources */,
				39F58234221C38D800D8C16A /* PrayerTimesViewModelTests.swift in Sources */,
				39DE6E4621E3CC70003F8A99 /* FirebaseDatabaseSessionMock.swift in Sources */,
				3911952321D267E5005D481C /* InitialViewTests.swift in Sources */,
			);
			runOnlyForDeploymentPostprocessing = 0;
		};
/* End PBXSourcesBuildPhase section */

/* Begin PBXTargetDependency section */
		393F4B8621CBCBEF009B4239 /* PBXTargetDependency */ = {
			isa = PBXTargetDependency;
			target = 393F4B6F21CBCBEF009B4239 /* SHMA */;
			targetProxy = 393F4B8521CBCBEF009B4239 /* PBXContainerItemProxy */;
		};
/* End PBXTargetDependency section */

/* Begin PBXVariantGroup section */
		393F4B7C21CBCBEF009B4239 /* LaunchScreen.storyboard */ = {
			isa = PBXVariantGroup;
			children = (
				393F4B7D21CBCBEF009B4239 /* Base */,
			);
			name = LaunchScreen.storyboard;
			sourceTree = "<group>";
		};
/* End PBXVariantGroup section */

/* Begin XCBuildConfiguration section */
		393F4B8B21CBCBEF009B4239 /* Debug */ = {
			isa = XCBuildConfiguration;
			buildSettings = {
				ALWAYS_SEARCH_USER_PATHS = NO;
				CLANG_ANALYZER_NONNULL = YES;
				CLANG_ANALYZER_NUMBER_OBJECT_CONVERSION = YES_AGGRESSIVE;
				CLANG_CXX_LANGUAGE_STANDARD = "gnu++14";
				CLANG_CXX_LIBRARY = "libc++";
				CLANG_ENABLE_MODULES = YES;
				CLANG_ENABLE_OBJC_ARC = YES;
				CLANG_ENABLE_OBJC_WEAK = YES;
				CLANG_WARN_BLOCK_CAPTURE_AUTORELEASING = YES;
				CLANG_WARN_BOOL_CONVERSION = YES;
				CLANG_WARN_COMMA = YES;
				CLANG_WARN_CONSTANT_CONVERSION = YES;
				CLANG_WARN_DEPRECATED_OBJC_IMPLEMENTATIONS = YES;
				CLANG_WARN_DIRECT_OBJC_ISA_USAGE = YES_ERROR;
				CLANG_WARN_DOCUMENTATION_COMMENTS = YES;
				CLANG_WARN_EMPTY_BODY = YES;
				CLANG_WARN_ENUM_CONVERSION = YES;
				CLANG_WARN_INFINITE_RECURSION = YES;
				CLANG_WARN_INT_CONVERSION = YES;
				CLANG_WARN_NON_LITERAL_NULL_CONVERSION = YES;
				CLANG_WARN_OBJC_IMPLICIT_RETAIN_SELF = YES;
				CLANG_WARN_OBJC_LITERAL_CONVERSION = YES;
				CLANG_WARN_OBJC_ROOT_CLASS = YES_ERROR;
				CLANG_WARN_RANGE_LOOP_ANALYSIS = YES;
				CLANG_WARN_STRICT_PROTOTYPES = YES;
				CLANG_WARN_SUSPICIOUS_MOVE = YES;
				CLANG_WARN_UNGUARDED_AVAILABILITY = YES_AGGRESSIVE;
				CLANG_WARN_UNREACHABLE_CODE = YES;
				CLANG_WARN__DUPLICATE_METHOD_MATCH = YES;
				CODE_SIGN_IDENTITY = "iPhone Developer";
				COPY_PHASE_STRIP = NO;
				DEBUG_INFORMATION_FORMAT = dwarf;
				ENABLE_STRICT_OBJC_MSGSEND = YES;
				ENABLE_TESTABILITY = YES;
				GCC_C_LANGUAGE_STANDARD = gnu11;
				GCC_DYNAMIC_NO_PIC = NO;
				GCC_NO_COMMON_BLOCKS = YES;
				GCC_OPTIMIZATION_LEVEL = 0;
				GCC_PREPROCESSOR_DEFINITIONS = (
					"DEBUG=1",
					"$(inherited)",
				);
				GCC_WARN_64_TO_32_BIT_CONVERSION = YES;
				GCC_WARN_ABOUT_RETURN_TYPE = YES_ERROR;
				GCC_WARN_UNDECLARED_SELECTOR = YES;
				GCC_WARN_UNINITIALIZED_AUTOS = YES_AGGRESSIVE;
				GCC_WARN_UNUSED_FUNCTION = YES;
				GCC_WARN_UNUSED_VARIABLE = YES;
				IPHONEOS_DEPLOYMENT_TARGET = 12.1;
				MTL_ENABLE_DEBUG_INFO = INCLUDE_SOURCE;
				MTL_FAST_MATH = YES;
				ONLY_ACTIVE_ARCH = YES;
				SDKROOT = iphoneos;
				SWIFT_ACTIVE_COMPILATION_CONDITIONS = DEBUG;
				SWIFT_OPTIMIZATION_LEVEL = "-Onone";
			};
			name = Debug;
		};
		393F4B8C21CBCBEF009B4239 /* Release */ = {
			isa = XCBuildConfiguration;
			buildSettings = {
				ALWAYS_SEARCH_USER_PATHS = NO;
				CLANG_ANALYZER_NONNULL = YES;
				CLANG_ANALYZER_NUMBER_OBJECT_CONVERSION = YES_AGGRESSIVE;
				CLANG_CXX_LANGUAGE_STANDARD = "gnu++14";
				CLANG_CXX_LIBRARY = "libc++";
				CLANG_ENABLE_MODULES = YES;
				CLANG_ENABLE_OBJC_ARC = YES;
				CLANG_ENABLE_OBJC_WEAK = YES;
				CLANG_WARN_BLOCK_CAPTURE_AUTORELEASING = YES;
				CLANG_WARN_BOOL_CONVERSION = YES;
				CLANG_WARN_COMMA = YES;
				CLANG_WARN_CONSTANT_CONVERSION = YES;
				CLANG_WARN_DEPRECATED_OBJC_IMPLEMENTATIONS = YES;
				CLANG_WARN_DIRECT_OBJC_ISA_USAGE = YES_ERROR;
				CLANG_WARN_DOCUMENTATION_COMMENTS = YES;
				CLANG_WARN_EMPTY_BODY = YES;
				CLANG_WARN_ENUM_CONVERSION = YES;
				CLANG_WARN_INFINITE_RECURSION = YES;
				CLANG_WARN_INT_CONVERSION = YES;
				CLANG_WARN_NON_LITERAL_NULL_CONVERSION = YES;
				CLANG_WARN_OBJC_IMPLICIT_RETAIN_SELF = YES;
				CLANG_WARN_OBJC_LITERAL_CONVERSION = YES;
				CLANG_WARN_OBJC_ROOT_CLASS = YES_ERROR;
				CLANG_WARN_RANGE_LOOP_ANALYSIS = YES;
				CLANG_WARN_STRICT_PROTOTYPES = YES;
				CLANG_WARN_SUSPICIOUS_MOVE = YES;
				CLANG_WARN_UNGUARDED_AVAILABILITY = YES_AGGRESSIVE;
				CLANG_WARN_UNREACHABLE_CODE = YES;
				CLANG_WARN__DUPLICATE_METHOD_MATCH = YES;
				CODE_SIGN_IDENTITY = "iPhone Developer";
				COPY_PHASE_STRIP = NO;
				DEBUG_INFORMATION_FORMAT = "dwarf-with-dsym";
				ENABLE_NS_ASSERTIONS = NO;
				ENABLE_STRICT_OBJC_MSGSEND = YES;
				GCC_C_LANGUAGE_STANDARD = gnu11;
				GCC_NO_COMMON_BLOCKS = YES;
				GCC_WARN_64_TO_32_BIT_CONVERSION = YES;
				GCC_WARN_ABOUT_RETURN_TYPE = YES_ERROR;
				GCC_WARN_UNDECLARED_SELECTOR = YES;
				GCC_WARN_UNINITIALIZED_AUTOS = YES_AGGRESSIVE;
				GCC_WARN_UNUSED_FUNCTION = YES;
				GCC_WARN_UNUSED_VARIABLE = YES;
				IPHONEOS_DEPLOYMENT_TARGET = 12.1;
				MTL_ENABLE_DEBUG_INFO = NO;
				MTL_FAST_MATH = YES;
				SDKROOT = iphoneos;
				SWIFT_COMPILATION_MODE = wholemodule;
				SWIFT_OPTIMIZATION_LEVEL = "-O";
				VALIDATE_PRODUCT = YES;
			};
			name = Release;
		};
		393F4B8E21CBCBEF009B4239 /* Debug */ = {
			isa = XCBuildConfiguration;
			baseConfigurationReference = D2BE74F767F502C4651E2B20 /* Pods-SHMA.debug.xcconfig */;
			buildSettings = {
				ASSETCATALOG_COMPILER_APPICON_NAME = AppIcon;
				ASSETCATALOG_COMPILER_LAUNCHIMAGE_NAME = LaunchImage;
				CODE_SIGN_STYLE = Automatic;
				DEVELOPMENT_TEAM = 28EMJAMXZN;
				INFOPLIST_FILE = SHMA/Info.plist;
				LD_RUNPATH_SEARCH_PATHS = (
					"$(inherited)",
					"@executable_path/Frameworks",
				);
				PRODUCT_BUNDLE_IDENTIFIER = SHMA.SHMA;
				PRODUCT_NAME = "$(TARGET_NAME)";
				SWIFT_VERSION = 5.0;
				TARGETED_DEVICE_FAMILY = 1;
			};
			name = Debug;
		};
		393F4B8F21CBCBEF009B4239 /* Release */ = {
			isa = XCBuildConfiguration;
			baseConfigurationReference = FE4ACB023881759142B150E6 /* Pods-SHMA.release.xcconfig */;
			buildSettings = {
				ASSETCATALOG_COMPILER_APPICON_NAME = AppIcon;
				ASSETCATALOG_COMPILER_LAUNCHIMAGE_NAME = LaunchImage;
				CODE_SIGN_STYLE = Automatic;
				DEVELOPMENT_TEAM = 28EMJAMXZN;
				INFOPLIST_FILE = SHMA/Info.plist;
				LD_RUNPATH_SEARCH_PATHS = (
					"$(inherited)",
					"@executable_path/Frameworks",
				);
				PRODUCT_BUNDLE_IDENTIFIER = SHMA.SHMA;
				PRODUCT_NAME = "$(TARGET_NAME)";
				SWIFT_VERSION = 5.0;
				TARGETED_DEVICE_FAMILY = 1;
			};
			name = Release;
		};
		393F4B9121CBCBEF009B4239 /* Debug */ = {
			isa = XCBuildConfiguration;
			baseConfigurationReference = 00C3BDD08A119C325654006B /* Pods-SHMATests.debug.xcconfig */;
			buildSettings = {
				ALWAYS_EMBED_SWIFT_STANDARD_LIBRARIES = YES;
				BUNDLE_LOADER = "$(TEST_HOST)";
				CODE_SIGN_STYLE = Automatic;
				DEVELOPMENT_TEAM = 28EMJAMXZN;
				INFOPLIST_FILE = SHMATests/Info.plist;
				LD_RUNPATH_SEARCH_PATHS = (
					"$(inherited)",
					"@executable_path/Frameworks",
					"@loader_path/Frameworks",
				);
				PRODUCT_BUNDLE_IDENTIFIER = SHMA.SHMATests;
				PRODUCT_NAME = "$(TARGET_NAME)";
				SWIFT_VERSION = 5.0;
				TARGETED_DEVICE_FAMILY = "1,2";
				TEST_HOST = "$(BUILT_PRODUCTS_DIR)/SHMA.app/SHMA";
			};
			name = Debug;
		};
		393F4B9221CBCBEF009B4239 /* Release */ = {
			isa = XCBuildConfiguration;
			baseConfigurationReference = 70BA31B67C1C4372261E5928 /* Pods-SHMATests.release.xcconfig */;
			buildSettings = {
				ALWAYS_EMBED_SWIFT_STANDARD_LIBRARIES = YES;
				BUNDLE_LOADER = "$(TEST_HOST)";
				CODE_SIGN_STYLE = Automatic;
				DEVELOPMENT_TEAM = 28EMJAMXZN;
				INFOPLIST_FILE = SHMATests/Info.plist;
				LD_RUNPATH_SEARCH_PATHS = (
					"$(inherited)",
					"@executable_path/Frameworks",
					"@loader_path/Frameworks",
				);
				PRODUCT_BUNDLE_IDENTIFIER = SHMA.SHMATests;
				PRODUCT_NAME = "$(TARGET_NAME)";
				SWIFT_VERSION = 5.0;
				TARGETED_DEVICE_FAMILY = "1,2";
				TEST_HOST = "$(BUILT_PRODUCTS_DIR)/SHMA.app/SHMA";
			};
			name = Release;
		};
/* End XCBuildConfiguration section */

/* Begin XCConfigurationList section */
		393F4B6B21CBCBEF009B4239 /* Build configuration list for PBXProject "SHMA" */ = {
			isa = XCConfigurationList;
			buildConfigurations = (
				393F4B8B21CBCBEF009B4239 /* Debug */,
				393F4B8C21CBCBEF009B4239 /* Release */,
			);
			defaultConfigurationIsVisible = 0;
			defaultConfigurationName = Release;
		};
		393F4B8D21CBCBEF009B4239 /* Build configuration list for PBXNativeTarget "SHMA" */ = {
			isa = XCConfigurationList;
			buildConfigurations = (
				393F4B8E21CBCBEF009B4239 /* Debug */,
				393F4B8F21CBCBEF009B4239 /* Release */,
			);
			defaultConfigurationIsVisible = 0;
			defaultConfigurationName = Release;
		};
		393F4B9021CBCBEF009B4239 /* Build configuration list for PBXNativeTarget "SHMATests" */ = {
			isa = XCConfigurationList;
			buildConfigurations = (
				393F4B9121CBCBEF009B4239 /* Debug */,
				393F4B9221CBCBEF009B4239 /* Release */,
			);
			defaultConfigurationIsVisible = 0;
			defaultConfigurationName = Release;
		};
/* End XCConfigurationList section */
	};
	rootObject = 393F4B6821CBCBEF009B4239 /* Project object */;
}
